// !$*UTF8*$!
{
	archiveVersion = 1;
	classes = {
	};
	objectVersion = 46;
	objects = {

/* Begin PBXBuildFile section */
		906B7A2E778ACEDE371E48B7 /* Pods_RegeaseTests.framework in Frameworks */ = {isa = PBXBuildFile; fileRef = A10A6CD72FA053A996974DF1 /* Pods_RegeaseTests.framework */; };
		CC2D5FD2E254D8C74D007EB7 /* Pods_RegeaseUITests.framework in Frameworks */ = {isa = PBXBuildFile; fileRef = 3C99A8AA75731F298EFC8DCC /* Pods_RegeaseUITests.framework */; };
		DFB94427399ACCD398DCBB38 /* Pods_Regease.framework in Frameworks */ = {isa = PBXBuildFile; fileRef = F11F2099F6C7A666E6278953 /* Pods_Regease.framework */; };
		F90F32041DF4A8C400EC7B08 /* CalendarDayTableViewCell.swift in Sources */ = {isa = PBXBuildFile; fileRef = F90F32031DF4A8C400EC7B08 /* CalendarDayTableViewCell.swift */; };
		F90F32061DF4AEAB00EC7B08 /* Regease+DateFormatter.swift in Sources */ = {isa = PBXBuildFile; fileRef = F90F32051DF4AEAB00EC7B08 /* Regease+DateFormatter.swift */; };
		F90F32081DF4AFED00EC7B08 /* Regease+NSDate.swift in Sources */ = {isa = PBXBuildFile; fileRef = F90F32071DF4AFED00EC7B08 /* Regease+NSDate.swift */; };
		F926343F1E1D9BFB0003D6CE /* TestExtensions.swift in Sources */ = {isa = PBXBuildFile; fileRef = F926343E1E1D9BFB0003D6CE /* TestExtensions.swift */; };
		F92634411E1D9C400003D6CE /* LoginTests.swift in Sources */ = {isa = PBXBuildFile; fileRef = F92634401E1D9C400003D6CE /* LoginTests.swift */; };
		F92658ED1DF70D5000EA8598 /* CalendarHeader.xib in Resources */ = {isa = PBXBuildFile; fileRef = F92658EC1DF70D5000EA8598 /* CalendarHeader.xib */; };
		F92658F01DF7106400EA8598 /* CalendarHeader.swift in Sources */ = {isa = PBXBuildFile; fileRef = F92658EF1DF7106400EA8598 /* CalendarHeader.swift */; };
		F938CBF31DFAE21B004E1E3D /* DashboardTableViewCell.swift in Sources */ = {isa = PBXBuildFile; fileRef = F938CBF21DFAE21B004E1E3D /* DashboardTableViewCell.swift */; };
		F938CBF51DFB2099004E1E3D /* DashboardWelcomeTableViewCell.swift in Sources */ = {isa = PBXBuildFile; fileRef = F938CBF41DFB2099004E1E3D /* DashboardWelcomeTableViewCell.swift */; };
		F96884181E07FC5A00B6BDAB /* Calendar.swift in Sources */ = {isa = PBXBuildFile; fileRef = F96884171E07FC5A00B6BDAB /* Calendar.swift */; };
		F968841A1E08069100B6BDAB /* AppointmentDetailsViewController.swift in Sources */ = {isa = PBXBuildFile; fileRef = F96884191E08069100B6BDAB /* AppointmentDetailsViewController.swift */; };
		F968841C1E0806A800B6BDAB /* AppointmentDetailsViewModel.swift in Sources */ = {isa = PBXBuildFile; fileRef = F968841B1E0806A800B6BDAB /* AppointmentDetailsViewModel.swift */; };
		F96A53241DEE028D0093761E /* CalendarDateCell.xib in Resources */ = {isa = PBXBuildFile; fileRef = F96A53231DEE028D0093761E /* CalendarDateCell.xib */; };
		F96A53261DEE03470093761E /* CalendarDateCellView.swift in Sources */ = {isa = PBXBuildFile; fileRef = F96A53251DEE03470093761E /* CalendarDateCellView.swift */; };
		F96DB4C61DECD8EE00E1CE38 /* AuthServices.swift in Sources */ = {isa = PBXBuildFile; fileRef = F96DB4C51DECD8ED00E1CE38 /* AuthServices.swift */; };
		F96DB4C81DECD98800E1CE38 /* DashboardViewModel.swift in Sources */ = {isa = PBXBuildFile; fileRef = F96DB4C71DECD98800E1CE38 /* DashboardViewModel.swift */; };
		F96DB4CA1DECD9BD00E1CE38 /* CalendarViewModel.swift in Sources */ = {isa = PBXBuildFile; fileRef = F96DB4C91DECD9BD00E1CE38 /* CalendarViewModel.swift */; };
		F96DB4CE1DECDE8700E1CE38 /* LoginViewController.swift in Sources */ = {isa = PBXBuildFile; fileRef = F96DB4CD1DECDE8700E1CE38 /* LoginViewController.swift */; };
		F9745F121DEC378600F2F7A7 /* Login.storyboard in Resources */ = {isa = PBXBuildFile; fileRef = F9745F111DEC378600F2F7A7 /* Login.storyboard */; };
		F9745F141DEC5B5400F2F7A7 /* BarIcons.xcassets in Resources */ = {isa = PBXBuildFile; fileRef = F9745F131DEC5B5400F2F7A7 /* BarIcons.xcassets */; };
		F9745F161DEC8A1200F2F7A7 /* Service.swift in Sources */ = {isa = PBXBuildFile; fileRef = F9745F151DEC8A1200F2F7A7 /* Service.swift */; };
		F9745F191DEC8AC900F2F7A7 /* PersistenceManager.swift in Sources */ = {isa = PBXBuildFile; fileRef = F9745F181DEC8AC900F2F7A7 /* PersistenceManager.swift */; };
		F9745F1B1DEC8DCA00F2F7A7 /* Token.swift in Sources */ = {isa = PBXBuildFile; fileRef = F9745F1A1DEC8DCA00F2F7A7 /* Token.swift */; };
		F9745F1D1DEC958A00F2F7A7 /* User.swift in Sources */ = {isa = PBXBuildFile; fileRef = F9745F1C1DEC958A00F2F7A7 /* User.swift */; };
		F9745F1F1DECCD4300F2F7A7 /* GlobalConstants.swift in Sources */ = {isa = PBXBuildFile; fileRef = F9745F1E1DECCD4300F2F7A7 /* GlobalConstants.swift */; };
		F9745F221DECD33C00F2F7A7 /* SettingsTableViewController.swift in Sources */ = {isa = PBXBuildFile; fileRef = F9745F211DECD33C00F2F7A7 /* SettingsTableViewController.swift */; };
		F9B390381DEDCA4E000FE192 /* Roboto-Black.ttf in Resources */ = {isa = PBXBuildFile; fileRef = F9B390281DEDCA4E000FE192 /* Roboto-Black.ttf */; };
		F9B390391DEDCA4E000FE192 /* Roboto-Black.ttf in Resources */ = {isa = PBXBuildFile; fileRef = F9B390281DEDCA4E000FE192 /* Roboto-Black.ttf */; };
		F9B3903A1DEDCA4E000FE192 /* Roboto-Black.ttf in Resources */ = {isa = PBXBuildFile; fileRef = F9B390281DEDCA4E000FE192 /* Roboto-Black.ttf */; };
		F9B3903B1DEDCA4E000FE192 /* Roboto-BlackItalic.ttf in Resources */ = {isa = PBXBuildFile; fileRef = F9B390291DEDCA4E000FE192 /* Roboto-BlackItalic.ttf */; };
		F9B3903C1DEDCA4E000FE192 /* Roboto-BlackItalic.ttf in Resources */ = {isa = PBXBuildFile; fileRef = F9B390291DEDCA4E000FE192 /* Roboto-BlackItalic.ttf */; };
		F9B3903D1DEDCA4E000FE192 /* Roboto-BlackItalic.ttf in Resources */ = {isa = PBXBuildFile; fileRef = F9B390291DEDCA4E000FE192 /* Roboto-BlackItalic.ttf */; };
		F9B3903E1DEDCA4E000FE192 /* Roboto-Bold.ttf in Resources */ = {isa = PBXBuildFile; fileRef = F9B3902A1DEDCA4E000FE192 /* Roboto-Bold.ttf */; };
		F9B3903F1DEDCA4E000FE192 /* Roboto-Bold.ttf in Resources */ = {isa = PBXBuildFile; fileRef = F9B3902A1DEDCA4E000FE192 /* Roboto-Bold.ttf */; };
		F9B390401DEDCA4E000FE192 /* Roboto-Bold.ttf in Resources */ = {isa = PBXBuildFile; fileRef = F9B3902A1DEDCA4E000FE192 /* Roboto-Bold.ttf */; };
		F9B390411DEDCA4E000FE192 /* Roboto-BoldCondensed.ttf in Resources */ = {isa = PBXBuildFile; fileRef = F9B3902B1DEDCA4E000FE192 /* Roboto-BoldCondensed.ttf */; };
		F9B390421DEDCA4E000FE192 /* Roboto-BoldCondensed.ttf in Resources */ = {isa = PBXBuildFile; fileRef = F9B3902B1DEDCA4E000FE192 /* Roboto-BoldCondensed.ttf */; };
		F9B390431DEDCA4E000FE192 /* Roboto-BoldCondensed.ttf in Resources */ = {isa = PBXBuildFile; fileRef = F9B3902B1DEDCA4E000FE192 /* Roboto-BoldCondensed.ttf */; };
		F9B390441DEDCA4E000FE192 /* Roboto-BoldCondensedItalic.ttf in Resources */ = {isa = PBXBuildFile; fileRef = F9B3902C1DEDCA4E000FE192 /* Roboto-BoldCondensedItalic.ttf */; };
		F9B390451DEDCA4E000FE192 /* Roboto-BoldCondensedItalic.ttf in Resources */ = {isa = PBXBuildFile; fileRef = F9B3902C1DEDCA4E000FE192 /* Roboto-BoldCondensedItalic.ttf */; };
		F9B390461DEDCA4E000FE192 /* Roboto-BoldCondensedItalic.ttf in Resources */ = {isa = PBXBuildFile; fileRef = F9B3902C1DEDCA4E000FE192 /* Roboto-BoldCondensedItalic.ttf */; };
		F9B390471DEDCA4E000FE192 /* Roboto-BoldItalic.ttf in Resources */ = {isa = PBXBuildFile; fileRef = F9B3902D1DEDCA4E000FE192 /* Roboto-BoldItalic.ttf */; };
		F9B390481DEDCA4E000FE192 /* Roboto-BoldItalic.ttf in Resources */ = {isa = PBXBuildFile; fileRef = F9B3902D1DEDCA4E000FE192 /* Roboto-BoldItalic.ttf */; };
		F9B390491DEDCA4E000FE192 /* Roboto-BoldItalic.ttf in Resources */ = {isa = PBXBuildFile; fileRef = F9B3902D1DEDCA4E000FE192 /* Roboto-BoldItalic.ttf */; };
		F9B3904A1DEDCA4E000FE192 /* Roboto-Condensed.ttf in Resources */ = {isa = PBXBuildFile; fileRef = F9B3902E1DEDCA4E000FE192 /* Roboto-Condensed.ttf */; };
		F9B3904B1DEDCA4E000FE192 /* Roboto-Condensed.ttf in Resources */ = {isa = PBXBuildFile; fileRef = F9B3902E1DEDCA4E000FE192 /* Roboto-Condensed.ttf */; };
		F9B3904C1DEDCA4E000FE192 /* Roboto-Condensed.ttf in Resources */ = {isa = PBXBuildFile; fileRef = F9B3902E1DEDCA4E000FE192 /* Roboto-Condensed.ttf */; };
		F9B3904D1DEDCA4E000FE192 /* Roboto-CondensedItalic.ttf in Resources */ = {isa = PBXBuildFile; fileRef = F9B3902F1DEDCA4E000FE192 /* Roboto-CondensedItalic.ttf */; };
		F9B3904E1DEDCA4E000FE192 /* Roboto-CondensedItalic.ttf in Resources */ = {isa = PBXBuildFile; fileRef = F9B3902F1DEDCA4E000FE192 /* Roboto-CondensedItalic.ttf */; };
		F9B3904F1DEDCA4E000FE192 /* Roboto-CondensedItalic.ttf in Resources */ = {isa = PBXBuildFile; fileRef = F9B3902F1DEDCA4E000FE192 /* Roboto-CondensedItalic.ttf */; };
		F9B390501DEDCA4E000FE192 /* Roboto-Italic.ttf in Resources */ = {isa = PBXBuildFile; fileRef = F9B390301DEDCA4E000FE192 /* Roboto-Italic.ttf */; };
		F9B390511DEDCA4E000FE192 /* Roboto-Italic.ttf in Resources */ = {isa = PBXBuildFile; fileRef = F9B390301DEDCA4E000FE192 /* Roboto-Italic.ttf */; };
		F9B390521DEDCA4E000FE192 /* Roboto-Italic.ttf in Resources */ = {isa = PBXBuildFile; fileRef = F9B390301DEDCA4E000FE192 /* Roboto-Italic.ttf */; };
		F9B390531DEDCA4E000FE192 /* Roboto-Light.ttf in Resources */ = {isa = PBXBuildFile; fileRef = F9B390311DEDCA4E000FE192 /* Roboto-Light.ttf */; };
		F9B390541DEDCA4E000FE192 /* Roboto-Light.ttf in Resources */ = {isa = PBXBuildFile; fileRef = F9B390311DEDCA4E000FE192 /* Roboto-Light.ttf */; };
		F9B390551DEDCA4E000FE192 /* Roboto-Light.ttf in Resources */ = {isa = PBXBuildFile; fileRef = F9B390311DEDCA4E000FE192 /* Roboto-Light.ttf */; };
		F9B390561DEDCA4E000FE192 /* Roboto-LightItalic.ttf in Resources */ = {isa = PBXBuildFile; fileRef = F9B390321DEDCA4E000FE192 /* Roboto-LightItalic.ttf */; };
		F9B390571DEDCA4E000FE192 /* Roboto-LightItalic.ttf in Resources */ = {isa = PBXBuildFile; fileRef = F9B390321DEDCA4E000FE192 /* Roboto-LightItalic.ttf */; };
		F9B390581DEDCA4E000FE192 /* Roboto-LightItalic.ttf in Resources */ = {isa = PBXBuildFile; fileRef = F9B390321DEDCA4E000FE192 /* Roboto-LightItalic.ttf */; };
		F9B390591DEDCA4E000FE192 /* Roboto-Medium.ttf in Resources */ = {isa = PBXBuildFile; fileRef = F9B390331DEDCA4E000FE192 /* Roboto-Medium.ttf */; };
		F9B3905A1DEDCA4E000FE192 /* Roboto-Medium.ttf in Resources */ = {isa = PBXBuildFile; fileRef = F9B390331DEDCA4E000FE192 /* Roboto-Medium.ttf */; };
		F9B3905B1DEDCA4E000FE192 /* Roboto-Medium.ttf in Resources */ = {isa = PBXBuildFile; fileRef = F9B390331DEDCA4E000FE192 /* Roboto-Medium.ttf */; };
		F9B3905C1DEDCA4E000FE192 /* Roboto-MediumItalic.ttf in Resources */ = {isa = PBXBuildFile; fileRef = F9B390341DEDCA4E000FE192 /* Roboto-MediumItalic.ttf */; };
		F9B3905D1DEDCA4E000FE192 /* Roboto-MediumItalic.ttf in Resources */ = {isa = PBXBuildFile; fileRef = F9B390341DEDCA4E000FE192 /* Roboto-MediumItalic.ttf */; };
		F9B3905E1DEDCA4E000FE192 /* Roboto-MediumItalic.ttf in Resources */ = {isa = PBXBuildFile; fileRef = F9B390341DEDCA4E000FE192 /* Roboto-MediumItalic.ttf */; };
		F9B3905F1DEDCA4E000FE192 /* Roboto-Regular.ttf in Resources */ = {isa = PBXBuildFile; fileRef = F9B390351DEDCA4E000FE192 /* Roboto-Regular.ttf */; };
		F9B390601DEDCA4E000FE192 /* Roboto-Regular.ttf in Resources */ = {isa = PBXBuildFile; fileRef = F9B390351DEDCA4E000FE192 /* Roboto-Regular.ttf */; };
		F9B390611DEDCA4E000FE192 /* Roboto-Regular.ttf in Resources */ = {isa = PBXBuildFile; fileRef = F9B390351DEDCA4E000FE192 /* Roboto-Regular.ttf */; };
		F9B390621DEDCA4E000FE192 /* Roboto-Thin.ttf in Resources */ = {isa = PBXBuildFile; fileRef = F9B390361DEDCA4E000FE192 /* Roboto-Thin.ttf */; };
		F9B390631DEDCA4E000FE192 /* Roboto-Thin.ttf in Resources */ = {isa = PBXBuildFile; fileRef = F9B390361DEDCA4E000FE192 /* Roboto-Thin.ttf */; };
		F9B390641DEDCA4E000FE192 /* Roboto-Thin.ttf in Resources */ = {isa = PBXBuildFile; fileRef = F9B390361DEDCA4E000FE192 /* Roboto-Thin.ttf */; };
		F9B390651DEDCA4E000FE192 /* Roboto-ThinItalic.ttf in Resources */ = {isa = PBXBuildFile; fileRef = F9B390371DEDCA4E000FE192 /* Roboto-ThinItalic.ttf */; };
		F9B390661DEDCA4E000FE192 /* Roboto-ThinItalic.ttf in Resources */ = {isa = PBXBuildFile; fileRef = F9B390371DEDCA4E000FE192 /* Roboto-ThinItalic.ttf */; };
		F9B390671DEDCA4E000FE192 /* Roboto-ThinItalic.ttf in Resources */ = {isa = PBXBuildFile; fileRef = F9B390371DEDCA4E000FE192 /* Roboto-ThinItalic.ttf */; };
		F9B390691DEDD606000FE192 /* local.ip in Resources */ = {isa = PBXBuildFile; fileRef = F9B390681DEDD606000FE192 /* local.ip */; };
		F9B3906F1DEDE4F3000FE192 /* MainTabBarController.swift in Sources */ = {isa = PBXBuildFile; fileRef = F9B3906E1DEDE4F3000FE192 /* MainTabBarController.swift */; };
		F9C2FE5B1E15800000A460F8 /* VisitTypeTableViewCell.swift in Sources */ = {isa = PBXBuildFile; fileRef = F9C2FE5A1E15800000A460F8 /* VisitTypeTableViewCell.swift */; };
		F9C2FE5D1E1584DF00A460F8 /* VisitsSettingsViewController.swift in Sources */ = {isa = PBXBuildFile; fileRef = F9C2FE5C1E1584DF00A460F8 /* VisitsSettingsViewController.swift */; };
		F9C2FE5F1E1589B300A460F8 /* VisitsSettingsViewModel.swift in Sources */ = {isa = PBXBuildFile; fileRef = F9C2FE5E1E1589B300A460F8 /* VisitsSettingsViewModel.swift */; };
		F9C2FE611E15942800A460F8 /* CalendarSettingsViewModel.swift in Sources */ = {isa = PBXBuildFile; fileRef = F9C2FE601E15942800A460F8 /* CalendarSettingsViewModel.swift */; };
		F9CFE5571E13EE0F006FE7AC /* CalendarSettingsViewController.swift in Sources */ = {isa = PBXBuildFile; fileRef = F9CFE5561E13EE0F006FE7AC /* CalendarSettingsViewController.swift */; };
		F9CFE5591E13F6CB006FE7AC /* AppearanceSettingsViewController.swift in Sources */ = {isa = PBXBuildFile; fileRef = F9CFE5581E13F6CB006FE7AC /* AppearanceSettingsViewController.swift */; };
		F9D534581DEB355E009064A1 /* AppDelegate.swift in Sources */ = {isa = PBXBuildFile; fileRef = F9D534571DEB355E009064A1 /* AppDelegate.swift */; };
		F9D5345A1DEB355E009064A1 /* DashboardViewController.swift in Sources */ = {isa = PBXBuildFile; fileRef = F9D534591DEB355E009064A1 /* DashboardViewController.swift */; };
		F9D5345C1DEB355E009064A1 /* CalendarViewController.swift in Sources */ = {isa = PBXBuildFile; fileRef = F9D5345B1DEB355E009064A1 /* CalendarViewController.swift */; };
		F9D5345F1DEB355E009064A1 /* Main.storyboard in Resources */ = {isa = PBXBuildFile; fileRef = F9D5345D1DEB355E009064A1 /* Main.storyboard */; };
		F9D534611DEB355E009064A1 /* Assets.xcassets in Resources */ = {isa = PBXBuildFile; fileRef = F9D534601DEB355E009064A1 /* Assets.xcassets */; };
		F9D534641DEB355E009064A1 /* LaunchScreen.storyboard in Resources */ = {isa = PBXBuildFile; fileRef = F9D534621DEB355E009064A1 /* LaunchScreen.storyboard */; };
		F9D5346F1DEB355E009064A1 /* RegeaseTests.swift in Sources */ = {isa = PBXBuildFile; fileRef = F9D5346E1DEB355E009064A1 /* RegeaseTests.swift */; };
		F9D5347A1DEB355E009064A1 /* HomeUITests.swift in Sources */ = {isa = PBXBuildFile; fileRef = F9D534791DEB355E009064A1 /* HomeUITests.swift */; };
		F9DA19421E09EE9D003FF1A6 /* AlertView.swift in Sources */ = {isa = PBXBuildFile; fileRef = F9DA19411E09EE9D003FF1A6 /* AlertView.swift */; };
		F9E1A9651E101C09003EC6D8 /* UIConstants.swift in Sources */ = {isa = PBXBuildFile; fileRef = F9E1A9641E101C09003EC6D8 /* UIConstants.swift */; };
		F9EB53DB1E2296E50011BEF0 /* ApearanceSettingsViewModel.swift in Sources */ = {isa = PBXBuildFile; fileRef = F9EB53DA1E2296E50011BEF0 /* ApearanceSettingsViewModel.swift */; };
		F9F3E8931DEEF0F60011F8F4 /* Appearance.swift in Sources */ = {isa = PBXBuildFile; fileRef = F9F3E8921DEEF0F60011F8F4 /* Appearance.swift */; };
		F9F3E8951DEEF1890011F8F4 /* Regease+UIFont.swift in Sources */ = {isa = PBXBuildFile; fileRef = F9F3E8941DEEF1890011F8F4 /* Regease+UIFont.swift */; };
		F9F3E8971DEF03800011F8F4 /* Regease+DataRequest.swift in Sources */ = {isa = PBXBuildFile; fileRef = F9F3E8961DEF03800011F8F4 /* Regease+DataRequest.swift */; };
		F9F3E8991DEF1E7F0011F8F4 /* Appointment.swift in Sources */ = {isa = PBXBuildFile; fileRef = F9F3E8981DEF1E7F0011F8F4 /* Appointment.swift */; };
		F9F3E89B1DEF22FF0011F8F4 /* Registrant.swift in Sources */ = {isa = PBXBuildFile; fileRef = F9F3E89A1DEF22FF0011F8F4 /* Registrant.swift */; };
		F9F3E89D1DEF24370011F8F4 /* VisitType.swift in Sources */ = {isa = PBXBuildFile; fileRef = F9F3E89C1DEF24370011F8F4 /* VisitType.swift */; };
		F9F3E89F1DEF27260011F8F4 /* Business.swift in Sources */ = {isa = PBXBuildFile; fileRef = F9F3E89E1DEF27260011F8F4 /* Business.swift */; };
		F9F4EDAD1DECF39900117C3A /* CalendarServices.swift in Sources */ = {isa = PBXBuildFile; fileRef = F9F4EDAC1DECF39900117C3A /* CalendarServices.swift */; };
/* End PBXBuildFile section */

/* Begin PBXContainerItemProxy section */
		F9D5346B1DEB355E009064A1 /* PBXContainerItemProxy */ = {
			isa = PBXContainerItemProxy;
			containerPortal = F9D5344C1DEB355E009064A1 /* Project object */;
			proxyType = 1;
			remoteGlobalIDString = F9D534531DEB355E009064A1;
			remoteInfo = Regease;
		};
		F9D534761DEB355E009064A1 /* PBXContainerItemProxy */ = {
			isa = PBXContainerItemProxy;
			containerPortal = F9D5344C1DEB355E009064A1 /* Project object */;
			proxyType = 1;
			remoteGlobalIDString = F9D534531DEB355E009064A1;
			remoteInfo = Regease;
		};
/* End PBXContainerItemProxy section */

/* Begin PBXFileReference section */
		0AE94D5DFE27823F687B3976 /* Pods-Regease.local.xcconfig */ = {isa = PBXFileReference; includeInIndex = 1; lastKnownFileType = text.xcconfig; name = "Pods-Regease.local.xcconfig"; path = "Pods/Target Support Files/Pods-Regease/Pods-Regease.local.xcconfig"; sourceTree = "<group>"; };
		1DBA11F6D5AD8EC83D7A7CC5 /* Pods-RegeaseTests.release.xcconfig */ = {isa = PBXFileReference; includeInIndex = 1; lastKnownFileType = text.xcconfig; name = "Pods-RegeaseTests.release.xcconfig"; path = "Pods/Target Support Files/Pods-RegeaseTests/Pods-RegeaseTests.release.xcconfig"; sourceTree = "<group>"; };
		3C99A8AA75731F298EFC8DCC /* Pods_RegeaseUITests.framework */ = {isa = PBXFileReference; explicitFileType = wrapper.framework; includeInIndex = 0; path = Pods_RegeaseUITests.framework; sourceTree = BUILT_PRODUCTS_DIR; };
		6058BFDF4E4A1867D0EFC6C3 /* Pods-RegeaseUITests.release.xcconfig */ = {isa = PBXFileReference; includeInIndex = 1; lastKnownFileType = text.xcconfig; name = "Pods-RegeaseUITests.release.xcconfig"; path = "Pods/Target Support Files/Pods-RegeaseUITests/Pods-RegeaseUITests.release.xcconfig"; sourceTree = "<group>"; };
		683E4C7221693B4FF43822AB /* Pods-RegeaseTests.local.xcconfig */ = {isa = PBXFileReference; includeInIndex = 1; lastKnownFileType = text.xcconfig; name = "Pods-RegeaseTests.local.xcconfig"; path = "Pods/Target Support Files/Pods-RegeaseTests/Pods-RegeaseTests.local.xcconfig"; sourceTree = "<group>"; };
		96BE455D518E5ECE6928B3C5 /* Pods-RegeaseTests.debug.xcconfig */ = {isa = PBXFileReference; includeInIndex = 1; lastKnownFileType = text.xcconfig; name = "Pods-RegeaseTests.debug.xcconfig"; path = "Pods/Target Support Files/Pods-RegeaseTests/Pods-RegeaseTests.debug.xcconfig"; sourceTree = "<group>"; };
		A10A6CD72FA053A996974DF1 /* Pods_RegeaseTests.framework */ = {isa = PBXFileReference; explicitFileType = wrapper.framework; includeInIndex = 0; path = Pods_RegeaseTests.framework; sourceTree = BUILT_PRODUCTS_DIR; };
		B45C6A1A7ABC8605A8E54742 /* Pods-RegeaseUITests.debug.xcconfig */ = {isa = PBXFileReference; includeInIndex = 1; lastKnownFileType = text.xcconfig; name = "Pods-RegeaseUITests.debug.xcconfig"; path = "Pods/Target Support Files/Pods-RegeaseUITests/Pods-RegeaseUITests.debug.xcconfig"; sourceTree = "<group>"; };
		D7C98F94A90B595ADEA06606 /* Pods-Regease.release.xcconfig */ = {isa = PBXFileReference; includeInIndex = 1; lastKnownFileType = text.xcconfig; name = "Pods-Regease.release.xcconfig"; path = "Pods/Target Support Files/Pods-Regease/Pods-Regease.release.xcconfig"; sourceTree = "<group>"; };
		DC70044ABB6800D0E3AC1EB4 /* Pods-Regease.debug.xcconfig */ = {isa = PBXFileReference; includeInIndex = 1; lastKnownFileType = text.xcconfig; name = "Pods-Regease.debug.xcconfig"; path = "Pods/Target Support Files/Pods-Regease/Pods-Regease.debug.xcconfig"; sourceTree = "<group>"; };
		F11F2099F6C7A666E6278953 /* Pods_Regease.framework */ = {isa = PBXFileReference; explicitFileType = wrapper.framework; includeInIndex = 0; path = Pods_Regease.framework; sourceTree = BUILT_PRODUCTS_DIR; };
		F4564C4AAD6A61E8AA43949E /* Pods-RegeaseUITests.local.xcconfig */ = {isa = PBXFileReference; includeInIndex = 1; lastKnownFileType = text.xcconfig; name = "Pods-RegeaseUITests.local.xcconfig"; path = "Pods/Target Support Files/Pods-RegeaseUITests/Pods-RegeaseUITests.local.xcconfig"; sourceTree = "<group>"; };
		F90F32031DF4A8C400EC7B08 /* CalendarDayTableViewCell.swift */ = {isa = PBXFileReference; fileEncoding = 4; lastKnownFileType = sourcecode.swift; name = CalendarDayTableViewCell.swift; path = Other/CalendarDayTableViewCell.swift; sourceTree = "<group>"; };
		F90F32051DF4AEAB00EC7B08 /* Regease+DateFormatter.swift */ = {isa = PBXFileReference; fileEncoding = 4; lastKnownFileType = sourcecode.swift; name = "Regease+DateFormatter.swift"; path = "Other/Regease+DateFormatter.swift"; sourceTree = "<group>"; };
		F90F32071DF4AFED00EC7B08 /* Regease+NSDate.swift */ = {isa = PBXFileReference; fileEncoding = 4; lastKnownFileType = sourcecode.swift; path = "Regease+NSDate.swift"; sourceTree = "<group>"; };
		F926343E1E1D9BFB0003D6CE /* TestExtensions.swift */ = {isa = PBXFileReference; fileEncoding = 4; lastKnownFileType = sourcecode.swift; path = TestExtensions.swift; sourceTree = "<group>"; };
		F92634401E1D9C400003D6CE /* LoginTests.swift */ = {isa = PBXFileReference; fileEncoding = 4; lastKnownFileType = sourcecode.swift; path = LoginTests.swift; sourceTree = "<group>"; };
		F92658EC1DF70D5000EA8598 /* CalendarHeader.xib */ = {isa = PBXFileReference; fileEncoding = 4; lastKnownFileType = file.xib; name = CalendarHeader.xib; path = Other/CalendarHeader.xib; sourceTree = "<group>"; };
		F92658EF1DF7106400EA8598 /* CalendarHeader.swift */ = {isa = PBXFileReference; fileEncoding = 4; lastKnownFileType = sourcecode.swift; name = CalendarHeader.swift; path = Other/CalendarHeader.swift; sourceTree = "<group>"; };
		F938CBF21DFAE21B004E1E3D /* DashboardTableViewCell.swift */ = {isa = PBXFileReference; fileEncoding = 4; lastKnownFileType = sourcecode.swift; name = DashboardTableViewCell.swift; path = Other/DashboardTableViewCell.swift; sourceTree = "<group>"; };
		F938CBF41DFB2099004E1E3D /* DashboardWelcomeTableViewCell.swift */ = {isa = PBXFileReference; fileEncoding = 4; lastKnownFileType = sourcecode.swift; name = DashboardWelcomeTableViewCell.swift; path = Other/DashboardWelcomeTableViewCell.swift; sourceTree = "<group>"; };
		F96884171E07FC5A00B6BDAB /* Calendar.swift */ = {isa = PBXFileReference; fileEncoding = 4; lastKnownFileType = sourcecode.swift; name = Calendar.swift; path = Model/Calendar.swift; sourceTree = "<group>"; };
		F96884191E08069100B6BDAB /* AppointmentDetailsViewController.swift */ = {isa = PBXFileReference; fileEncoding = 4; lastKnownFileType = sourcecode.swift; name = AppointmentDetailsViewController.swift; path = ViewControllers/AppointmentDetailsViewController.swift; sourceTree = "<group>"; };
		F968841B1E0806A800B6BDAB /* AppointmentDetailsViewModel.swift */ = {isa = PBXFileReference; fileEncoding = 4; lastKnownFileType = sourcecode.swift; name = AppointmentDetailsViewModel.swift; path = ViewModels/AppointmentDetailsViewModel.swift; sourceTree = "<group>"; };
		F96A53231DEE028D0093761E /* CalendarDateCell.xib */ = {isa = PBXFileReference; fileEncoding = 4; lastKnownFileType = file.xib; name = CalendarDateCell.xib; path = Other/CalendarDateCell.xib; sourceTree = "<group>"; };
		F96A53251DEE03470093761E /* CalendarDateCellView.swift */ = {isa = PBXFileReference; fileEncoding = 4; lastKnownFileType = sourcecode.swift; name = CalendarDateCellView.swift; path = Other/CalendarDateCellView.swift; sourceTree = "<group>"; };
		F96DB4C51DECD8ED00E1CE38 /* AuthServices.swift */ = {isa = PBXFileReference; fileEncoding = 4; lastKnownFileType = sourcecode.swift; name = AuthServices.swift; path = Services/AuthServices.swift; sourceTree = "<group>"; };
		F96DB4C71DECD98800E1CE38 /* DashboardViewModel.swift */ = {isa = PBXFileReference; fileEncoding = 4; lastKnownFileType = sourcecode.swift; name = DashboardViewModel.swift; path = ViewModels/DashboardViewModel.swift; sourceTree = "<group>"; };
		F96DB4C91DECD9BD00E1CE38 /* CalendarViewModel.swift */ = {isa = PBXFileReference; fileEncoding = 4; lastKnownFileType = sourcecode.swift; name = CalendarViewModel.swift; path = ViewModels/CalendarViewModel.swift; sourceTree = "<group>"; };
		F96DB4CD1DECDE8700E1CE38 /* LoginViewController.swift */ = {isa = PBXFileReference; fileEncoding = 4; lastKnownFileType = sourcecode.swift; name = LoginViewController.swift; path = ViewControllers/LoginViewController.swift; sourceTree = "<group>"; };
		F9745F111DEC378600F2F7A7 /* Login.storyboard */ = {isa = PBXFileReference; fileEncoding = 4; lastKnownFileType = file.storyboard; path = Login.storyboard; sourceTree = "<group>"; };
		F9745F131DEC5B5400F2F7A7 /* BarIcons.xcassets */ = {isa = PBXFileReference; lastKnownFileType = folder.assetcatalog; path = BarIcons.xcassets; sourceTree = "<group>"; };
		F9745F151DEC8A1200F2F7A7 /* Service.swift */ = {isa = PBXFileReference; fileEncoding = 4; lastKnownFileType = sourcecode.swift; name = Service.swift; path = Other/Service.swift; sourceTree = "<group>"; };
		F9745F181DEC8AC900F2F7A7 /* PersistenceManager.swift */ = {isa = PBXFileReference; fileEncoding = 4; lastKnownFileType = sourcecode.swift; name = PersistenceManager.swift; path = Managers/PersistenceManager.swift; sourceTree = "<group>"; };
		F9745F1A1DEC8DCA00F2F7A7 /* Token.swift */ = {isa = PBXFileReference; fileEncoding = 4; lastKnownFileType = sourcecode.swift; name = Token.swift; path = Model/Token.swift; sourceTree = "<group>"; };
		F9745F1C1DEC958A00F2F7A7 /* User.swift */ = {isa = PBXFileReference; fileEncoding = 4; lastKnownFileType = sourcecode.swift; name = User.swift; path = Model/User.swift; sourceTree = "<group>"; };
		F9745F1E1DECCD4300F2F7A7 /* GlobalConstants.swift */ = {isa = PBXFileReference; fileEncoding = 4; lastKnownFileType = sourcecode.swift; name = GlobalConstants.swift; path = Other/GlobalConstants.swift; sourceTree = "<group>"; };
		F9745F211DECD33C00F2F7A7 /* SettingsTableViewController.swift */ = {isa = PBXFileReference; fileEncoding = 4; lastKnownFileType = sourcecode.swift; name = SettingsTableViewController.swift; path = ViewControllers/SettingsTableViewController.swift; sourceTree = "<group>"; };
		F9B390281DEDCA4E000FE192 /* Roboto-Black.ttf */ = {isa = PBXFileReference; lastKnownFileType = file; path = "Roboto-Black.ttf"; sourceTree = "<group>"; };
		F9B390291DEDCA4E000FE192 /* Roboto-BlackItalic.ttf */ = {isa = PBXFileReference; lastKnownFileType = file; path = "Roboto-BlackItalic.ttf"; sourceTree = "<group>"; };
		F9B3902A1DEDCA4E000FE192 /* Roboto-Bold.ttf */ = {isa = PBXFileReference; lastKnownFileType = file; path = "Roboto-Bold.ttf"; sourceTree = "<group>"; };
		F9B3902B1DEDCA4E000FE192 /* Roboto-BoldCondensed.ttf */ = {isa = PBXFileReference; lastKnownFileType = file; path = "Roboto-BoldCondensed.ttf"; sourceTree = "<group>"; };
		F9B3902C1DEDCA4E000FE192 /* Roboto-BoldCondensedItalic.ttf */ = {isa = PBXFileReference; lastKnownFileType = file; path = "Roboto-BoldCondensedItalic.ttf"; sourceTree = "<group>"; };
		F9B3902D1DEDCA4E000FE192 /* Roboto-BoldItalic.ttf */ = {isa = PBXFileReference; lastKnownFileType = file; path = "Roboto-BoldItalic.ttf"; sourceTree = "<group>"; };
		F9B3902E1DEDCA4E000FE192 /* Roboto-Condensed.ttf */ = {isa = PBXFileReference; lastKnownFileType = file; path = "Roboto-Condensed.ttf"; sourceTree = "<group>"; };
		F9B3902F1DEDCA4E000FE192 /* Roboto-CondensedItalic.ttf */ = {isa = PBXFileReference; lastKnownFileType = file; path = "Roboto-CondensedItalic.ttf"; sourceTree = "<group>"; };
		F9B390301DEDCA4E000FE192 /* Roboto-Italic.ttf */ = {isa = PBXFileReference; lastKnownFileType = file; path = "Roboto-Italic.ttf"; sourceTree = "<group>"; };
		F9B390311DEDCA4E000FE192 /* Roboto-Light.ttf */ = {isa = PBXFileReference; lastKnownFileType = file; path = "Roboto-Light.ttf"; sourceTree = "<group>"; };
		F9B390321DEDCA4E000FE192 /* Roboto-LightItalic.ttf */ = {isa = PBXFileReference; lastKnownFileType = file; path = "Roboto-LightItalic.ttf"; sourceTree = "<group>"; };
		F9B390331DEDCA4E000FE192 /* Roboto-Medium.ttf */ = {isa = PBXFileReference; lastKnownFileType = file; path = "Roboto-Medium.ttf"; sourceTree = "<group>"; };
		F9B390341DEDCA4E000FE192 /* Roboto-MediumItalic.ttf */ = {isa = PBXFileReference; lastKnownFileType = file; path = "Roboto-MediumItalic.ttf"; sourceTree = "<group>"; };
		F9B390351DEDCA4E000FE192 /* Roboto-Regular.ttf */ = {isa = PBXFileReference; lastKnownFileType = file; path = "Roboto-Regular.ttf"; sourceTree = "<group>"; };
		F9B390361DEDCA4E000FE192 /* Roboto-Thin.ttf */ = {isa = PBXFileReference; lastKnownFileType = file; path = "Roboto-Thin.ttf"; sourceTree = "<group>"; };
		F9B390371DEDCA4E000FE192 /* Roboto-ThinItalic.ttf */ = {isa = PBXFileReference; lastKnownFileType = file; path = "Roboto-ThinItalic.ttf"; sourceTree = "<group>"; };
		F9B390681DEDD606000FE192 /* local.ip */ = {isa = PBXFileReference; lastKnownFileType = text; path = local.ip; sourceTree = "<group>"; };
		F9B3906E1DEDE4F3000FE192 /* MainTabBarController.swift */ = {isa = PBXFileReference; fileEncoding = 4; lastKnownFileType = sourcecode.swift; name = MainTabBarController.swift; path = ViewControllers/MainTabBarController.swift; sourceTree = "<group>"; };
		F9C2FE5A1E15800000A460F8 /* VisitTypeTableViewCell.swift */ = {isa = PBXFileReference; fileEncoding = 4; lastKnownFileType = sourcecode.swift; name = VisitTypeTableViewCell.swift; path = Other/VisitTypeTableViewCell.swift; sourceTree = "<group>"; };
		F9C2FE5C1E1584DF00A460F8 /* VisitsSettingsViewController.swift */ = {isa = PBXFileReference; fileEncoding = 4; lastKnownFileType = sourcecode.swift; name = VisitsSettingsViewController.swift; path = ViewControllers/VisitsSettingsViewController.swift; sourceTree = "<group>"; };
		F9C2FE5E1E1589B300A460F8 /* VisitsSettingsViewModel.swift */ = {isa = PBXFileReference; fileEncoding = 4; lastKnownFileType = sourcecode.swift; name = VisitsSettingsViewModel.swift; path = ViewModels/VisitsSettingsViewModel.swift; sourceTree = "<group>"; };
		F9C2FE601E15942800A460F8 /* CalendarSettingsViewModel.swift */ = {isa = PBXFileReference; fileEncoding = 4; lastKnownFileType = sourcecode.swift; name = CalendarSettingsViewModel.swift; path = ViewModels/CalendarSettingsViewModel.swift; sourceTree = "<group>"; };
		F9CFE5561E13EE0F006FE7AC /* CalendarSettingsViewController.swift */ = {isa = PBXFileReference; fileEncoding = 4; lastKnownFileType = sourcecode.swift; name = CalendarSettingsViewController.swift; path = ViewControllers/CalendarSettingsViewController.swift; sourceTree = "<group>"; };
		F9CFE5581E13F6CB006FE7AC /* AppearanceSettingsViewController.swift */ = {isa = PBXFileReference; fileEncoding = 4; lastKnownFileType = sourcecode.swift; name = AppearanceSettingsViewController.swift; path = ViewControllers/AppearanceSettingsViewController.swift; sourceTree = "<group>"; };
		F9D534541DEB355E009064A1 /* Regease.app */ = {isa = PBXFileReference; explicitFileType = wrapper.application; includeInIndex = 0; path = Regease.app; sourceTree = BUILT_PRODUCTS_DIR; };
		F9D534571DEB355E009064A1 /* AppDelegate.swift */ = {isa = PBXFileReference; lastKnownFileType = sourcecode.swift; path = AppDelegate.swift; sourceTree = "<group>"; };
		F9D534591DEB355E009064A1 /* DashboardViewController.swift */ = {isa = PBXFileReference; lastKnownFileType = sourcecode.swift; path = DashboardViewController.swift; sourceTree = "<group>"; };
		F9D5345B1DEB355E009064A1 /* CalendarViewController.swift */ = {isa = PBXFileReference; lastKnownFileType = sourcecode.swift; path = CalendarViewController.swift; sourceTree = "<group>"; };
		F9D5345E1DEB355E009064A1 /* Base */ = {isa = PBXFileReference; lastKnownFileType = file.storyboard; name = Base; path = Base.lproj/Main.storyboard; sourceTree = "<group>"; };
		F9D534601DEB355E009064A1 /* Assets.xcassets */ = {isa = PBXFileReference; lastKnownFileType = folder.assetcatalog; path = Assets.xcassets; sourceTree = "<group>"; };
		F9D534631DEB355E009064A1 /* Base */ = {isa = PBXFileReference; lastKnownFileType = file.storyboard; name = Base; path = Base.lproj/LaunchScreen.storyboard; sourceTree = "<group>"; };
		F9D534651DEB355E009064A1 /* Info.plist */ = {isa = PBXFileReference; lastKnownFileType = text.plist.xml; path = Info.plist; sourceTree = "<group>"; };
		F9D5346A1DEB355E009064A1 /* RegeaseTests.xctest */ = {isa = PBXFileReference; explicitFileType = wrapper.cfbundle; includeInIndex = 0; path = RegeaseTests.xctest; sourceTree = BUILT_PRODUCTS_DIR; };
		F9D5346E1DEB355E009064A1 /* RegeaseTests.swift */ = {isa = PBXFileReference; lastKnownFileType = sourcecode.swift; path = RegeaseTests.swift; sourceTree = "<group>"; };
		F9D534701DEB355E009064A1 /* Info.plist */ = {isa = PBXFileReference; lastKnownFileType = text.plist.xml; path = Info.plist; sourceTree = "<group>"; };
		F9D534751DEB355E009064A1 /* RegeaseUITests.xctest */ = {isa = PBXFileReference; explicitFileType = wrapper.cfbundle; includeInIndex = 0; path = RegeaseUITests.xctest; sourceTree = BUILT_PRODUCTS_DIR; };
		F9D534791DEB355E009064A1 /* HomeUITests.swift */ = {isa = PBXFileReference; lastKnownFileType = sourcecode.swift; path = HomeUITests.swift; sourceTree = "<group>"; };
		F9D5347B1DEB355E009064A1 /* Info.plist */ = {isa = PBXFileReference; lastKnownFileType = text.plist.xml; path = Info.plist; sourceTree = "<group>"; };
		F9DA19411E09EE9D003FF1A6 /* AlertView.swift */ = {isa = PBXFileReference; fileEncoding = 4; lastKnownFileType = sourcecode.swift; name = AlertView.swift; path = Other/AlertView.swift; sourceTree = "<group>"; };
		F9E1A9641E101C09003EC6D8 /* UIConstants.swift */ = {isa = PBXFileReference; fileEncoding = 4; lastKnownFileType = sourcecode.swift; path = UIConstants.swift; sourceTree = "<group>"; };
		F9EB53DA1E2296E50011BEF0 /* ApearanceSettingsViewModel.swift */ = {isa = PBXFileReference; fileEncoding = 4; lastKnownFileType = sourcecode.swift; name = ApearanceSettingsViewModel.swift; path = ViewModels/ApearanceSettingsViewModel.swift; sourceTree = "<group>"; };
		F9F3E8921DEEF0F60011F8F4 /* Appearance.swift */ = {isa = PBXFileReference; fileEncoding = 4; lastKnownFileType = sourcecode.swift; name = Appearance.swift; path = Other/Appearance.swift; sourceTree = "<group>"; };
		F9F3E8941DEEF1890011F8F4 /* Regease+UIFont.swift */ = {isa = PBXFileReference; fileEncoding = 4; lastKnownFileType = sourcecode.swift; path = "Regease+UIFont.swift"; sourceTree = "<group>"; };
		F9F3E8961DEF03800011F8F4 /* Regease+DataRequest.swift */ = {isa = PBXFileReference; fileEncoding = 4; lastKnownFileType = sourcecode.swift; name = "Regease+DataRequest.swift"; path = "Other/Regease+DataRequest.swift"; sourceTree = "<group>"; };
		F9F3E8981DEF1E7F0011F8F4 /* Appointment.swift */ = {isa = PBXFileReference; fileEncoding = 4; lastKnownFileType = sourcecode.swift; name = Appointment.swift; path = Model/Appointment.swift; sourceTree = "<group>"; };
		F9F3E89A1DEF22FF0011F8F4 /* Registrant.swift */ = {isa = PBXFileReference; fileEncoding = 4; lastKnownFileType = sourcecode.swift; name = Registrant.swift; path = Model/Registrant.swift; sourceTree = "<group>"; };
		F9F3E89C1DEF24370011F8F4 /* VisitType.swift */ = {isa = PBXFileReference; fileEncoding = 4; lastKnownFileType = sourcecode.swift; path = VisitType.swift; sourceTree = "<group>"; };
		F9F3E89E1DEF27260011F8F4 /* Business.swift */ = {isa = PBXFileReference; fileEncoding = 4; lastKnownFileType = sourcecode.swift; name = Business.swift; path = Model/Business.swift; sourceTree = "<group>"; };
		F9F4EDAC1DECF39900117C3A /* CalendarServices.swift */ = {isa = PBXFileReference; fileEncoding = 4; lastKnownFileType = sourcecode.swift; name = CalendarServices.swift; path = Services/CalendarServices.swift; sourceTree = "<group>"; };
/* End PBXFileReference section */

/* Begin PBXFrameworksBuildPhase section */
		F9D534511DEB355E009064A1 /* Frameworks */ = {
			isa = PBXFrameworksBuildPhase;
			buildActionMask = 2147483647;
			files = (
				DFB94427399ACCD398DCBB38 /* Pods_Regease.framework in Frameworks */,
			);
			runOnlyForDeploymentPostprocessing = 0;
		};
		F9D534671DEB355E009064A1 /* Frameworks */ = {
			isa = PBXFrameworksBuildPhase;
			buildActionMask = 2147483647;
			files = (
				906B7A2E778ACEDE371E48B7 /* Pods_RegeaseTests.framework in Frameworks */,
			);
			runOnlyForDeploymentPostprocessing = 0;
		};
		F9D534721DEB355E009064A1 /* Frameworks */ = {
			isa = PBXFrameworksBuildPhase;
			buildActionMask = 2147483647;
			files = (
				CC2D5FD2E254D8C74D007EB7 /* Pods_RegeaseUITests.framework in Frameworks */,
			);
			runOnlyForDeploymentPostprocessing = 0;
		};
/* End PBXFrameworksBuildPhase section */

/* Begin PBXGroup section */
		3A8F8BF65CFF27221DD1A077 /* Pods */ = {
			isa = PBXGroup;
			children = (
				DC70044ABB6800D0E3AC1EB4 /* Pods-Regease.debug.xcconfig */,
				D7C98F94A90B595ADEA06606 /* Pods-Regease.release.xcconfig */,
				96BE455D518E5ECE6928B3C5 /* Pods-RegeaseTests.debug.xcconfig */,
				1DBA11F6D5AD8EC83D7A7CC5 /* Pods-RegeaseTests.release.xcconfig */,
				B45C6A1A7ABC8605A8E54742 /* Pods-RegeaseUITests.debug.xcconfig */,
				6058BFDF4E4A1867D0EFC6C3 /* Pods-RegeaseUITests.release.xcconfig */,
				0AE94D5DFE27823F687B3976 /* Pods-Regease.local.xcconfig */,
				683E4C7221693B4FF43822AB /* Pods-RegeaseTests.local.xcconfig */,
				F4564C4AAD6A61E8AA43949E /* Pods-RegeaseUITests.local.xcconfig */,
			);
			name = Pods;
			sourceTree = "<group>";
		};
		B32CE1E651F84CC997CEC0CC /* Frameworks */ = {
			isa = PBXGroup;
			children = (
				F11F2099F6C7A666E6278953 /* Pods_Regease.framework */,
				A10A6CD72FA053A996974DF1 /* Pods_RegeaseTests.framework */,
				3C99A8AA75731F298EFC8DCC /* Pods_RegeaseUITests.framework */,
			);
			name = Frameworks;
			sourceTree = "<group>";
		};
		F90F32021DF4A8A700EC7B08 /* Cells */ = {
			isa = PBXGroup;
			children = (
				F90F32031DF4A8C400EC7B08 /* CalendarDayTableViewCell.swift */,
				F938CBF21DFAE21B004E1E3D /* DashboardTableViewCell.swift */,
				F938CBF41DFB2099004E1E3D /* DashboardWelcomeTableViewCell.swift */,
				F9C2FE5A1E15800000A460F8 /* VisitTypeTableViewCell.swift */,
			);
			name = Cells;
			sourceTree = "<group>";
		};
		F92658EE1DF7104100EA8598 /* Calendar */ = {
			isa = PBXGroup;
			children = (
				F96A53251DEE03470093761E /* CalendarDateCellView.swift */,
				F9D5345B1DEB355E009064A1 /* CalendarViewController.swift */,
				F92658EF1DF7106400EA8598 /* CalendarHeader.swift */,
			);
			name = Calendar;
			sourceTree = "<group>";
		};
		F96A53221DEE026C0093761E /* XIBs */ = {
			isa = PBXGroup;
			children = (
				F96A53231DEE028D0093761E /* CalendarDateCell.xib */,
				F92658EC1DF70D5000EA8598 /* CalendarHeader.xib */,
			);
			name = XIBs;
			sourceTree = "<group>";
		};
		F96DB4CB1DECDE6200E1CE38 /* Login */ = {
			isa = PBXGroup;
			children = (
				F96DB4CD1DECDE8700E1CE38 /* LoginViewController.swift */,
			);
			name = Login;
			sourceTree = "<group>";
		};
		F96DB4CC1DECDE6700E1CE38 /* Home */ = {
			isa = PBXGroup;
			children = (
				F92658EE1DF7104100EA8598 /* Calendar */,
				F9CFE5551E13EDDA006FE7AC /* Settings */,
				F9D534591DEB355E009064A1 /* DashboardViewController.swift */,
				F96884191E08069100B6BDAB /* AppointmentDetailsViewController.swift */,
			);
			name = Home;
			sourceTree = "<group>";
		};
		F9745F0E1DEC34DC00F2F7A7 /* Other */ = {
			isa = PBXGroup;
			children = (
				F90F32021DF4A8A700EC7B08 /* Cells */,
				F9F3E8911DEEF0C60011F8F4 /* Extensions */,
				F96A53221DEE026C0093761E /* XIBs */,
				F9B390271DEDCA37000FE192 /* Fonts */,
				F9745F1E1DECCD4300F2F7A7 /* GlobalConstants.swift */,
				F9E1A9641E101C09003EC6D8 /* UIConstants.swift */,
				F9DA19411E09EE9D003FF1A6 /* AlertView.swift */,
			);
			name = Other;
			sourceTree = "<group>";
		};
		F9745F171DEC8A9C00F2F7A7 /* Managers */ = {
			isa = PBXGroup;
			children = (
				F9745F181DEC8AC900F2F7A7 /* PersistenceManager.swift */,
			);
			name = Managers;
			sourceTree = "<group>";
		};
		F9B390271DEDCA37000FE192 /* Fonts */ = {
			isa = PBXGroup;
			children = (
				F9B390281DEDCA4E000FE192 /* Roboto-Black.ttf */,
				F9B390291DEDCA4E000FE192 /* Roboto-BlackItalic.ttf */,
				F9B3902A1DEDCA4E000FE192 /* Roboto-Bold.ttf */,
				F9B3902B1DEDCA4E000FE192 /* Roboto-BoldCondensed.ttf */,
				F9B3902C1DEDCA4E000FE192 /* Roboto-BoldCondensedItalic.ttf */,
				F9B3902D1DEDCA4E000FE192 /* Roboto-BoldItalic.ttf */,
				F9B3902E1DEDCA4E000FE192 /* Roboto-Condensed.ttf */,
				F9B3902F1DEDCA4E000FE192 /* Roboto-CondensedItalic.ttf */,
				F9B390301DEDCA4E000FE192 /* Roboto-Italic.ttf */,
				F9B390311DEDCA4E000FE192 /* Roboto-Light.ttf */,
				F9B390321DEDCA4E000FE192 /* Roboto-LightItalic.ttf */,
				F9B390331DEDCA4E000FE192 /* Roboto-Medium.ttf */,
				F9B390341DEDCA4E000FE192 /* Roboto-MediumItalic.ttf */,
				F9B390351DEDCA4E000FE192 /* Roboto-Regular.ttf */,
				F9B390361DEDCA4E000FE192 /* Roboto-Thin.ttf */,
				F9B390371DEDCA4E000FE192 /* Roboto-ThinItalic.ttf */,
			);
			name = Fonts;
			sourceTree = "<group>";
		};
		F9CFE5551E13EDDA006FE7AC /* Settings */ = {
			isa = PBXGroup;
			children = (
				F9745F211DECD33C00F2F7A7 /* SettingsTableViewController.swift */,
				F9CFE5561E13EE0F006FE7AC /* CalendarSettingsViewController.swift */,
				F9CFE5581E13F6CB006FE7AC /* AppearanceSettingsViewController.swift */,
				F9C2FE5C1E1584DF00A460F8 /* VisitsSettingsViewController.swift */,
			);
			name = Settings;
			sourceTree = "<group>";
		};
		F9D5344B1DEB355E009064A1 = {
			isa = PBXGroup;
			children = (
				F9D534561DEB355E009064A1 /* Regease */,
				F9B390681DEDD606000FE192 /* local.ip */,
				F9D5346D1DEB355E009064A1 /* RegeaseTests */,
				F9D534781DEB355E009064A1 /* RegeaseUITests */,
				F9D534551DEB355E009064A1 /* Products */,
				3A8F8BF65CFF27221DD1A077 /* Pods */,
				B32CE1E651F84CC997CEC0CC /* Frameworks */,
			);
			sourceTree = "<group>";
		};
		F9D534551DEB355E009064A1 /* Products */ = {
			isa = PBXGroup;
			children = (
				F9D534541DEB355E009064A1 /* Regease.app */,
				F9D5346A1DEB355E009064A1 /* RegeaseTests.xctest */,
				F9D534751DEB355E009064A1 /* RegeaseUITests.xctest */,
			);
			name = Products;
			sourceTree = "<group>";
		};
		F9D534561DEB355E009064A1 /* Regease */ = {
			isa = PBXGroup;
			children = (
				F9D534571DEB355E009064A1 /* AppDelegate.swift */,
				F9D534C51DEB4281009064A1 /* Assets */,
				F9745F171DEC8A9C00F2F7A7 /* Managers */,
				F9D534C71DEB42A5009064A1 /* Model */,
				F9D534C81DEB42C3009064A1 /* Services */,
				F9D534C41DEB4273009064A1 /* Storyboards */,
				F9D534C31DEB425A009064A1 /* ViewControllers */,
				F9D534C61DEB4294009064A1 /* ViewModels */,
				F9745F0E1DEC34DC00F2F7A7 /* Other */,
				F9D534651DEB355E009064A1 /* Info.plist */,
			);
			path = Regease;
			sourceTree = "<group>";
		};
		F9D5346D1DEB355E009064A1 /* RegeaseTests */ = {
			isa = PBXGroup;
			children = (
				F9D5346E1DEB355E009064A1 /* RegeaseTests.swift */,
				F9D534701DEB355E009064A1 /* Info.plist */,
			);
			path = RegeaseTests;
			sourceTree = "<group>";
		};
		F9D534781DEB355E009064A1 /* RegeaseUITests */ = {
			isa = PBXGroup;
			children = (
				F9D534791DEB355E009064A1 /* HomeUITests.swift */,
				F9D5347B1DEB355E009064A1 /* Info.plist */,
				F926343E1E1D9BFB0003D6CE /* TestExtensions.swift */,
				F92634401E1D9C400003D6CE /* LoginTests.swift */,
			);
			path = RegeaseUITests;
			sourceTree = "<group>";
		};
		F9D534C31DEB425A009064A1 /* ViewControllers */ = {
			isa = PBXGroup;
			children = (
				F96DB4CB1DECDE6200E1CE38 /* Login */,
				F96DB4CC1DECDE6700E1CE38 /* Home */,
				F9B3906E1DEDE4F3000FE192 /* MainTabBarController.swift */,
			);
			name = ViewControllers;
			sourceTree = "<group>";
		};
		F9D534C41DEB4273009064A1 /* Storyboards */ = {
			isa = PBXGroup;
			children = (
				F9D534621DEB355E009064A1 /* LaunchScreen.storyboard */,
				F9D5345D1DEB355E009064A1 /* Main.storyboard */,
				F9745F111DEC378600F2F7A7 /* Login.storyboard */,
			);
			name = Storyboards;
			sourceTree = "<group>";
		};
		F9D534C51DEB4281009064A1 /* Assets */ = {
			isa = PBXGroup;
			children = (
				F9D534601DEB355E009064A1 /* Assets.xcassets */,
				F9745F131DEC5B5400F2F7A7 /* BarIcons.xcassets */,
			);
			name = Assets;
			sourceTree = "<group>";
		};
		F9D534C61DEB4294009064A1 /* ViewModels */ = {
			isa = PBXGroup;
			children = (
				F96DB4C71DECD98800E1CE38 /* DashboardViewModel.swift */,
				F96DB4C91DECD9BD00E1CE38 /* CalendarViewModel.swift */,
				F968841B1E0806A800B6BDAB /* AppointmentDetailsViewModel.swift */,
				F9C2FE5E1E1589B300A460F8 /* VisitsSettingsViewModel.swift */,
				F9EB53DA1E2296E50011BEF0 /* ApearanceSettingsViewModel.swift */,
				F9C2FE601E15942800A460F8 /* CalendarSettingsViewModel.swift */,
			);
			name = ViewModels;
			sourceTree = "<group>";
		};
		F9D534C71DEB42A5009064A1 /* Model */ = {
			isa = PBXGroup;
			children = (
				F9745F1A1DEC8DCA00F2F7A7 /* Token.swift */,
				F9745F1C1DEC958A00F2F7A7 /* User.swift */,
				F9F3E8981DEF1E7F0011F8F4 /* Appointment.swift */,
				F9F3E89A1DEF22FF0011F8F4 /* Registrant.swift */,
				F9F3E89C1DEF24370011F8F4 /* VisitType.swift */,
				F9F3E89E1DEF27260011F8F4 /* Business.swift */,
				F96884171E07FC5A00B6BDAB /* Calendar.swift */,
			);
			name = Model;
			sourceTree = "<group>";
		};
		F9D534C81DEB42C3009064A1 /* Services */ = {
			isa = PBXGroup;
			children = (
				F9745F151DEC8A1200F2F7A7 /* Service.swift */,
				F96DB4C51DECD8ED00E1CE38 /* AuthServices.swift */,
				F9F4EDAC1DECF39900117C3A /* CalendarServices.swift */,
			);
			name = Services;
			sourceTree = "<group>";
		};
		F9F3E8911DEEF0C60011F8F4 /* Extensions */ = {
			isa = PBXGroup;
			children = (
				F9F3E8921DEEF0F60011F8F4 /* Appearance.swift */,
				F9F3E8941DEEF1890011F8F4 /* Regease+UIFont.swift */,
				F9F3E8961DEF03800011F8F4 /* Regease+DataRequest.swift */,
				F90F32051DF4AEAB00EC7B08 /* Regease+DateFormatter.swift */,
				F90F32071DF4AFED00EC7B08 /* Regease+NSDate.swift */,
			);
			name = Extensions;
			sourceTree = "<group>";
		};
/* End PBXGroup section */

/* Begin PBXNativeTarget section */
		F9D534531DEB355E009064A1 /* Regease */ = {
			isa = PBXNativeTarget;
			buildConfigurationList = F9D5347E1DEB355E009064A1 /* Build configuration list for PBXNativeTarget "Regease" */;
			buildPhases = (
				1DE55D81F69D083A7381DF10 /* [CP] Check Pods Manifest.lock */,
				F9745F201DECCDE300F2F7A7 /* Inject Local IP */,
				F9D534501DEB355E009064A1 /* Sources */,
				F9D534511DEB355E009064A1 /* Frameworks */,
				F9D534521DEB355E009064A1 /* Resources */,
				F5B47CEF62A75D20271118A7 /* [CP] Embed Pods Frameworks */,
				397147C1EFE312A84633F0FD /* [CP] Copy Pods Resources */,
				F9E1A9631E100B9B003EC6D8 /* Storyboard Constants */,
			);
			buildRules = (
			);
			dependencies = (
			);
			name = Regease;
			productName = Regease;
			productReference = F9D534541DEB355E009064A1 /* Regease.app */;
			productType = "com.apple.product-type.application";
		};
		F9D534691DEB355E009064A1 /* RegeaseTests */ = {
			isa = PBXNativeTarget;
			buildConfigurationList = F9D534811DEB355E009064A1 /* Build configuration list for PBXNativeTarget "RegeaseTests" */;
			buildPhases = (
				0D35AFDB72207B6458AFD7F2 /* [CP] Check Pods Manifest.lock */,
				F9D534661DEB355E009064A1 /* Sources */,
				F9D534671DEB355E009064A1 /* Frameworks */,
				F9D534681DEB355E009064A1 /* Resources */,
				FD0B9584957EE5A6E16219CF /* [CP] Embed Pods Frameworks */,
				E37BA8F3D2CE868205ACAC13 /* [CP] Copy Pods Resources */,
			);
			buildRules = (
			);
			dependencies = (
				F9D5346C1DEB355E009064A1 /* PBXTargetDependency */,
			);
			name = RegeaseTests;
			productName = RegeaseTests;
			productReference = F9D5346A1DEB355E009064A1 /* RegeaseTests.xctest */;
			productType = "com.apple.product-type.bundle.unit-test";
		};
		F9D534741DEB355E009064A1 /* RegeaseUITests */ = {
			isa = PBXNativeTarget;
			buildConfigurationList = F9D534841DEB355E009064A1 /* Build configuration list for PBXNativeTarget "RegeaseUITests" */;
			buildPhases = (
				FA65A8923A6F5B4387AADC99 /* [CP] Check Pods Manifest.lock */,
				F9D534711DEB355E009064A1 /* Sources */,
				F9D534721DEB355E009064A1 /* Frameworks */,
				F9D534731DEB355E009064A1 /* Resources */,
				8AD6B94F2FE62C9242880BB4 /* [CP] Copy Pods Resources */,
				4332A88E5EC1BC20654B6F95 /* [CP] Embed Pods Frameworks */,
			);
			buildRules = (
			);
			dependencies = (
				F9D534771DEB355E009064A1 /* PBXTargetDependency */,
			);
			name = RegeaseUITests;
			productName = RegeaseUITests;
			productReference = F9D534751DEB355E009064A1 /* RegeaseUITests.xctest */;
			productType = "com.apple.product-type.bundle.ui-testing";
		};
/* End PBXNativeTarget section */

/* Begin PBXProject section */
		F9D5344C1DEB355E009064A1 /* Project object */ = {
			isa = PBXProject;
			attributes = {
				LastSwiftUpdateCheck = 0810;
				LastUpgradeCheck = 0810;
				ORGANIZATIONNAME = Regease;
				TargetAttributes = {
					F9D534531DEB355E009064A1 = {
						CreatedOnToolsVersion = 8.1;
						DevelopmentTeam = K93H863522;
						LastSwiftMigration = 0810;
						ProvisioningStyle = Automatic;
					};
					F9D534691DEB355E009064A1 = {
						CreatedOnToolsVersion = 8.1;
						DevelopmentTeam = K93H863522;
						LastSwiftMigration = 0810;
						ProvisioningStyle = Automatic;
						TestTargetID = F9D534531DEB355E009064A1;
					};
					F9D534741DEB355E009064A1 = {
						CreatedOnToolsVersion = 8.1;
						DevelopmentTeam = K93H863522;
						LastSwiftMigration = 0810;
						ProvisioningStyle = Automatic;
						TestTargetID = F9D534531DEB355E009064A1;
					};
				};
			};
			buildConfigurationList = F9D5344F1DEB355E009064A1 /* Build configuration list for PBXProject "Regease" */;
			compatibilityVersion = "Xcode 3.2";
			developmentRegion = English;
			hasScannedForEncodings = 0;
			knownRegions = (
				en,
				Base,
			);
			mainGroup = F9D5344B1DEB355E009064A1;
			productRefGroup = F9D534551DEB355E009064A1 /* Products */;
			projectDirPath = "";
			projectRoot = "";
			targets = (
				F9D534531DEB355E009064A1 /* Regease */,
				F9D534691DEB355E009064A1 /* RegeaseTests */,
				F9D534741DEB355E009064A1 /* RegeaseUITests */,
			);
		};
/* End PBXProject section */

/* Begin PBXResourcesBuildPhase section */
		F9D534521DEB355E009064A1 /* Resources */ = {
			isa = PBXResourcesBuildPhase;
			buildActionMask = 2147483647;
			files = (
				F9B390691DEDD606000FE192 /* local.ip in Resources */,
				F9745F121DEC378600F2F7A7 /* Login.storyboard in Resources */,
				F9B390471DEDCA4E000FE192 /* Roboto-BoldItalic.ttf in Resources */,
				F9B390561DEDCA4E000FE192 /* Roboto-LightItalic.ttf in Resources */,
				F9B390651DEDCA4E000FE192 /* Roboto-ThinItalic.ttf in Resources */,
				F9B390591DEDCA4E000FE192 /* Roboto-Medium.ttf in Resources */,
				F92658ED1DF70D5000EA8598 /* CalendarHeader.xib in Resources */,
				F96A53241DEE028D0093761E /* CalendarDateCell.xib in Resources */,
				F9B390531DEDCA4E000FE192 /* Roboto-Light.ttf in Resources */,
				F9745F141DEC5B5400F2F7A7 /* BarIcons.xcassets in Resources */,
				F9D534641DEB355E009064A1 /* LaunchScreen.storyboard in Resources */,
				F9B3903B1DEDCA4E000FE192 /* Roboto-BlackItalic.ttf in Resources */,
				F9B390621DEDCA4E000FE192 /* Roboto-Thin.ttf in Resources */,
				F9B3904A1DEDCA4E000FE192 /* Roboto-Condensed.ttf in Resources */,
				F9D534611DEB355E009064A1 /* Assets.xcassets in Resources */,
				F9B3904D1DEDCA4E000FE192 /* Roboto-CondensedItalic.ttf in Resources */,
				F9D5345F1DEB355E009064A1 /* Main.storyboard in Resources */,
				F9B3903E1DEDCA4E000FE192 /* Roboto-Bold.ttf in Resources */,
				F9B390411DEDCA4E000FE192 /* Roboto-BoldCondensed.ttf in Resources */,
				F9B390501DEDCA4E000FE192 /* Roboto-Italic.ttf in Resources */,
				F9B3905F1DEDCA4E000FE192 /* Roboto-Regular.ttf in Resources */,
				F9B390441DEDCA4E000FE192 /* Roboto-BoldCondensedItalic.ttf in Resources */,
				F9B3905C1DEDCA4E000FE192 /* Roboto-MediumItalic.ttf in Resources */,
				F9B390381DEDCA4E000FE192 /* Roboto-Black.ttf in Resources */,
			);
			runOnlyForDeploymentPostprocessing = 0;
		};
		F9D534681DEB355E009064A1 /* Resources */ = {
			isa = PBXResourcesBuildPhase;
			buildActionMask = 2147483647;
			files = (
				F9B390481DEDCA4E000FE192 /* Roboto-BoldItalic.ttf in Resources */,
				F9B390571DEDCA4E000FE192 /* Roboto-LightItalic.ttf in Resources */,
				F9B3905D1DEDCA4E000FE192 /* Roboto-MediumItalic.ttf in Resources */,
				F9B390511DEDCA4E000FE192 /* Roboto-Italic.ttf in Resources */,
				F9B390541DEDCA4E000FE192 /* Roboto-Light.ttf in Resources */,
				F9B3904E1DEDCA4E000FE192 /* Roboto-CondensedItalic.ttf in Resources */,
				F9B390391DEDCA4E000FE192 /* Roboto-Black.ttf in Resources */,
				F9B3903C1DEDCA4E000FE192 /* Roboto-BlackItalic.ttf in Resources */,
				F9B390631DEDCA4E000FE192 /* Roboto-Thin.ttf in Resources */,
				F9B390601DEDCA4E000FE192 /* Roboto-Regular.ttf in Resources */,
				F9B390421DEDCA4E000FE192 /* Roboto-BoldCondensed.ttf in Resources */,
				F9B3905A1DEDCA4E000FE192 /* Roboto-Medium.ttf in Resources */,
				F9B390661DEDCA4E000FE192 /* Roboto-ThinItalic.ttf in Resources */,
				F9B390451DEDCA4E000FE192 /* Roboto-BoldCondensedItalic.ttf in Resources */,
				F9B3903F1DEDCA4E000FE192 /* Roboto-Bold.ttf in Resources */,
				F9B3904B1DEDCA4E000FE192 /* Roboto-Condensed.ttf in Resources */,
			);
			runOnlyForDeploymentPostprocessing = 0;
		};
		F9D534731DEB355E009064A1 /* Resources */ = {
			isa = PBXResourcesBuildPhase;
			buildActionMask = 2147483647;
			files = (
				F9B390491DEDCA4E000FE192 /* Roboto-BoldItalic.ttf in Resources */,
				F9B390581DEDCA4E000FE192 /* Roboto-LightItalic.ttf in Resources */,
				F9B3905E1DEDCA4E000FE192 /* Roboto-MediumItalic.ttf in Resources */,
				F9B390521DEDCA4E000FE192 /* Roboto-Italic.ttf in Resources */,
				F9B390551DEDCA4E000FE192 /* Roboto-Light.ttf in Resources */,
				F9B3904F1DEDCA4E000FE192 /* Roboto-CondensedItalic.ttf in Resources */,
				F9B3903A1DEDCA4E000FE192 /* Roboto-Black.ttf in Resources */,
				F9B3903D1DEDCA4E000FE192 /* Roboto-BlackItalic.ttf in Resources */,
				F9B390641DEDCA4E000FE192 /* Roboto-Thin.ttf in Resources */,
				F9B390611DEDCA4E000FE192 /* Roboto-Regular.ttf in Resources */,
				F9B390431DEDCA4E000FE192 /* Roboto-BoldCondensed.ttf in Resources */,
				F9B3905B1DEDCA4E000FE192 /* Roboto-Medium.ttf in Resources */,
				F9B390671DEDCA4E000FE192 /* Roboto-ThinItalic.ttf in Resources */,
				F9B390461DEDCA4E000FE192 /* Roboto-BoldCondensedItalic.ttf in Resources */,
				F9B390401DEDCA4E000FE192 /* Roboto-Bold.ttf in Resources */,
				F9B3904C1DEDCA4E000FE192 /* Roboto-Condensed.ttf in Resources */,
			);
			runOnlyForDeploymentPostprocessing = 0;
		};
/* End PBXResourcesBuildPhase section */

/* Begin PBXShellScriptBuildPhase section */
		0D35AFDB72207B6458AFD7F2 /* [CP] Check Pods Manifest.lock */ = {
			isa = PBXShellScriptBuildPhase;
			buildActionMask = 2147483647;
			files = (
			);
			inputPaths = (
			);
			name = "[CP] Check Pods Manifest.lock";
			outputPaths = (
			);
			runOnlyForDeploymentPostprocessing = 0;
			shellPath = /bin/sh;
			shellScript = "diff \"${PODS_ROOT}/../Podfile.lock\" \"${PODS_ROOT}/Manifest.lock\" > /dev/null\nif [ $? != 0 ] ; then\n    # print error to STDERR\n    echo \"error: The sandbox is not in sync with the Podfile.lock. Run 'pod install' or update your CocoaPods installation.\" >&2\n    exit 1\nfi\n";
			showEnvVarsInLog = 0;
		};
		1DE55D81F69D083A7381DF10 /* [CP] Check Pods Manifest.lock */ = {
			isa = PBXShellScriptBuildPhase;
			buildActionMask = 2147483647;
			files = (
			);
			inputPaths = (
			);
			name = "[CP] Check Pods Manifest.lock";
			outputPaths = (
			);
			runOnlyForDeploymentPostprocessing = 0;
			shellPath = /bin/sh;
			shellScript = "diff \"${PODS_ROOT}/../Podfile.lock\" \"${PODS_ROOT}/Manifest.lock\" > /dev/null\nif [ $? != 0 ] ; then\n    # print error to STDERR\n    echo \"error: The sandbox is not in sync with the Podfile.lock. Run 'pod install' or update your CocoaPods installation.\" >&2\n    exit 1\nfi\n";
			showEnvVarsInLog = 0;
		};
		397147C1EFE312A84633F0FD /* [CP] Copy Pods Resources */ = {
			isa = PBXShellScriptBuildPhase;
			buildActionMask = 2147483647;
			files = (
			);
			inputPaths = (
			);
			name = "[CP] Copy Pods Resources";
			outputPaths = (
			);
			runOnlyForDeploymentPostprocessing = 0;
			shellPath = /bin/sh;
			shellScript = "\"${SRCROOT}/Pods/Target Support Files/Pods-Regease/Pods-Regease-resources.sh\"\n";
			showEnvVarsInLog = 0;
		};
		4332A88E5EC1BC20654B6F95 /* [CP] Embed Pods Frameworks */ = {
			isa = PBXShellScriptBuildPhase;
			buildActionMask = 2147483647;
			files = (
			);
			inputPaths = (
			);
			name = "[CP] Embed Pods Frameworks";
			outputPaths = (
			);
			runOnlyForDeploymentPostprocessing = 0;
			shellPath = /bin/sh;
			shellScript = "\"${SRCROOT}/Pods/Target Support Files/Pods-RegeaseUITests/Pods-RegeaseUITests-frameworks.sh\"\n";
			showEnvVarsInLog = 0;
		};
		8AD6B94F2FE62C9242880BB4 /* [CP] Copy Pods Resources */ = {
			isa = PBXShellScriptBuildPhase;
			buildActionMask = 2147483647;
			files = (
			);
			inputPaths = (
			);
			name = "[CP] Copy Pods Resources";
			outputPaths = (
			);
			runOnlyForDeploymentPostprocessing = 0;
			shellPath = /bin/sh;
			shellScript = "\"${SRCROOT}/Pods/Target Support Files/Pods-RegeaseUITests/Pods-RegeaseUITests-resources.sh\"\n";
			showEnvVarsInLog = 0;
		};
		E37BA8F3D2CE868205ACAC13 /* [CP] Copy Pods Resources */ = {
			isa = PBXShellScriptBuildPhase;
			buildActionMask = 2147483647;
			files = (
			);
			inputPaths = (
			);
			name = "[CP] Copy Pods Resources";
			outputPaths = (
			);
			runOnlyForDeploymentPostprocessing = 0;
			shellPath = /bin/sh;
			shellScript = "\"${SRCROOT}/Pods/Target Support Files/Pods-RegeaseTests/Pods-RegeaseTests-resources.sh\"\n";
			showEnvVarsInLog = 0;
		};
		F5B47CEF62A75D20271118A7 /* [CP] Embed Pods Frameworks */ = {
			isa = PBXShellScriptBuildPhase;
			buildActionMask = 2147483647;
			files = (
			);
			inputPaths = (
			);
			name = "[CP] Embed Pods Frameworks";
			outputPaths = (
			);
			runOnlyForDeploymentPostprocessing = 0;
			shellPath = /bin/sh;
			shellScript = "\"${SRCROOT}/Pods/Target Support Files/Pods-Regease/Pods-Regease-frameworks.sh\"\n";
			showEnvVarsInLog = 0;
		};
		F9745F201DECCDE300F2F7A7 /* Inject Local IP */ = {
			isa = PBXShellScriptBuildPhase;
			buildActionMask = 2147483647;
			files = (
			);
			inputPaths = (
			);
			name = "Inject Local IP";
			outputPaths = (
			);
			runOnlyForDeploymentPostprocessing = 0;
			shellPath = /bin/sh;
			shellScript = "Echo \"Setting up local.ip file\"\neval \"${GCC_PREPROCESSOR_DEFINITIONS}\"\n\nif [ ${LOCAL} ] ; then\nIP_ADDRESS=\"$(ipconfig getifaddr en0)\"\necho \"Setting $IP_ADDRESS in local.ip\"\necho -n \"http://$IP_ADDRESS:8080/\" > local.ip\nelse\necho \"Local scheme not selected.. skipping.\"\nfi";
		};
		F9E1A9631E100B9B003EC6D8 /* Storyboard Constants */ = {
			isa = PBXShellScriptBuildPhase;
			buildActionMask = 2147483647;
			files = (
			);
			inputPaths = (
			);
			name = "Storyboard Constants";
			outputPaths = (
			);
			runOnlyForDeploymentPostprocessing = 0;
			shellPath = /bin/sh;
			shellScript = "echo $(bash -l -c  \"source ~/.bash_profile && cd Regease && bundle exec sbconstants -w UIConstants.swift\")";
		};
		FA65A8923A6F5B4387AADC99 /* [CP] Check Pods Manifest.lock */ = {
			isa = PBXShellScriptBuildPhase;
			buildActionMask = 2147483647;
			files = (
			);
			inputPaths = (
			);
			name = "[CP] Check Pods Manifest.lock";
			outputPaths = (
			);
			runOnlyForDeploymentPostprocessing = 0;
			shellPath = /bin/sh;
			shellScript = "diff \"${PODS_ROOT}/../Podfile.lock\" \"${PODS_ROOT}/Manifest.lock\" > /dev/null\nif [ $? != 0 ] ; then\n    # print error to STDERR\n    echo \"error: The sandbox is not in sync with the Podfile.lock. Run 'pod install' or update your CocoaPods installation.\" >&2\n    exit 1\nfi\n";
			showEnvVarsInLog = 0;
		};
		FD0B9584957EE5A6E16219CF /* [CP] Embed Pods Frameworks */ = {
			isa = PBXShellScriptBuildPhase;
			buildActionMask = 2147483647;
			files = (
			);
			inputPaths = (
			);
			name = "[CP] Embed Pods Frameworks";
			outputPaths = (
			);
			runOnlyForDeploymentPostprocessing = 0;
			shellPath = /bin/sh;
			shellScript = "\"${SRCROOT}/Pods/Target Support Files/Pods-RegeaseTests/Pods-RegeaseTests-frameworks.sh\"\n";
			showEnvVarsInLog = 0;
		};
/* End PBXShellScriptBuildPhase section */

/* Begin PBXSourcesBuildPhase section */
		F9D534501DEB355E009064A1 /* Sources */ = {
			isa = PBXSourcesBuildPhase;
			buildActionMask = 2147483647;
			files = (
				F938CBF51DFB2099004E1E3D /* DashboardWelcomeTableViewCell.swift in Sources */,
				F9745F1B1DEC8DCA00F2F7A7 /* Token.swift in Sources */,
				F9745F1F1DECCD4300F2F7A7 /* GlobalConstants.swift in Sources */,
				F96884181E07FC5A00B6BDAB /* Calendar.swift in Sources */,
				F90F32041DF4A8C400EC7B08 /* CalendarDayTableViewCell.swift in Sources */,
				F96DB4CE1DECDE8700E1CE38 /* LoginViewController.swift in Sources */,
				F9CFE5571E13EE0F006FE7AC /* CalendarSettingsViewController.swift in Sources */,
				F96DB4C61DECD8EE00E1CE38 /* AuthServices.swift in Sources */,
				F90F32081DF4AFED00EC7B08 /* Regease+NSDate.swift in Sources */,
				F9C2FE5D1E1584DF00A460F8 /* VisitsSettingsViewController.swift in Sources */,
				F9D5345C1DEB355E009064A1 /* CalendarViewController.swift in Sources */,
				F9745F161DEC8A1200F2F7A7 /* Service.swift in Sources */,
				F9F3E89B1DEF22FF0011F8F4 /* Registrant.swift in Sources */,
				F96DB4CA1DECD9BD00E1CE38 /* CalendarViewModel.swift in Sources */,
				F96A53261DEE03470093761E /* CalendarDateCellView.swift in Sources */,
				F9745F1D1DEC958A00F2F7A7 /* User.swift in Sources */,
				F9745F221DECD33C00F2F7A7 /* SettingsTableViewController.swift in Sources */,
				F9C2FE611E15942800A460F8 /* CalendarSettingsViewModel.swift in Sources */,
				F9F3E8971DEF03800011F8F4 /* Regease+DataRequest.swift in Sources */,
				F90F32061DF4AEAB00EC7B08 /* Regease+DateFormatter.swift in Sources */,
				F9745F191DEC8AC900F2F7A7 /* PersistenceManager.swift in Sources */,
				F9F3E8991DEF1E7F0011F8F4 /* Appointment.swift in Sources */,
				F9F4EDAD1DECF39900117C3A /* CalendarServices.swift in Sources */,
				F968841A1E08069100B6BDAB /* AppointmentDetailsViewController.swift in Sources */,
				F92658F01DF7106400EA8598 /* CalendarHeader.swift in Sources */,
				F96DB4C81DECD98800E1CE38 /* DashboardViewModel.swift in Sources */,
				F9F3E8951DEEF1890011F8F4 /* Regease+UIFont.swift in Sources */,
				F9F3E89D1DEF24370011F8F4 /* VisitType.swift in Sources */,
				F9E1A9651E101C09003EC6D8 /* UIConstants.swift in Sources */,
				F938CBF31DFAE21B004E1E3D /* DashboardTableViewCell.swift in Sources */,
				F9F3E8931DEEF0F60011F8F4 /* Appearance.swift in Sources */,
				F968841C1E0806A800B6BDAB /* AppointmentDetailsViewModel.swift in Sources */,
				F9D534581DEB355E009064A1 /* AppDelegate.swift in Sources */,
				F9C2FE5F1E1589B300A460F8 /* VisitsSettingsViewModel.swift in Sources */,
				F9F3E89F1DEF27260011F8F4 /* Business.swift in Sources */,
				F9CFE5591E13F6CB006FE7AC /* AppearanceSettingsViewController.swift in Sources */,
				F9C2FE5B1E15800000A460F8 /* VisitTypeTableViewCell.swift in Sources */,
				F9D5345A1DEB355E009064A1 /* DashboardViewController.swift in Sources */,
				F9EB53DB1E2296E50011BEF0 /* ApearanceSettingsViewModel.swift in Sources */,
				F9B3906F1DEDE4F3000FE192 /* MainTabBarController.swift in Sources */,
				F9DA19421E09EE9D003FF1A6 /* AlertView.swift in Sources */,
			);
			runOnlyForDeploymentPostprocessing = 0;
		};
		F9D534661DEB355E009064A1 /* Sources */ = {
			isa = PBXSourcesBuildPhase;
			buildActionMask = 2147483647;
			files = (
				F9D5346F1DEB355E009064A1 /* RegeaseTests.swift in Sources */,
			);
			runOnlyForDeploymentPostprocessing = 0;
		};
		F9D534711DEB355E009064A1 /* Sources */ = {
			isa = PBXSourcesBuildPhase;
			buildActionMask = 2147483647;
			files = (
				F92634411E1D9C400003D6CE /* LoginTests.swift in Sources */,
				F9D5347A1DEB355E009064A1 /* HomeUITests.swift in Sources */,
				F926343F1E1D9BFB0003D6CE /* TestExtensions.swift in Sources */,
			);
			runOnlyForDeploymentPostprocessing = 0;
		};
/* End PBXSourcesBuildPhase section */

/* Begin PBXTargetDependency section */
		F9D5346C1DEB355E009064A1 /* PBXTargetDependency */ = {
			isa = PBXTargetDependency;
			target = F9D534531DEB355E009064A1 /* Regease */;
			targetProxy = F9D5346B1DEB355E009064A1 /* PBXContainerItemProxy */;
		};
		F9D534771DEB355E009064A1 /* PBXTargetDependency */ = {
			isa = PBXTargetDependency;
			target = F9D534531DEB355E009064A1 /* Regease */;
			targetProxy = F9D534761DEB355E009064A1 /* PBXContainerItemProxy */;
		};
/* End PBXTargetDependency section */

/* Begin PBXVariantGroup section */
		F9D5345D1DEB355E009064A1 /* Main.storyboard */ = {
			isa = PBXVariantGroup;
			children = (
				F9D5345E1DEB355E009064A1 /* Base */,
			);
			name = Main.storyboard;
			sourceTree = "<group>";
		};
		F9D534621DEB355E009064A1 /* LaunchScreen.storyboard */ = {
			isa = PBXVariantGroup;
			children = (
				F9D534631DEB355E009064A1 /* Base */,
			);
			name = LaunchScreen.storyboard;
			sourceTree = "<group>";
		};
/* End PBXVariantGroup section */

/* Begin XCBuildConfiguration section */
		F9B3906A1DEDD81F000FE192 /* Local */ = {
			isa = XCBuildConfiguration;
			buildSettings = {
				ALWAYS_SEARCH_USER_PATHS = NO;
				CLANG_ANALYZER_NONNULL = YES;
				CLANG_CXX_LANGUAGE_STANDARD = "gnu++0x";
				CLANG_CXX_LIBRARY = "libc++";
				CLANG_ENABLE_MODULES = YES;
				CLANG_ENABLE_OBJC_ARC = YES;
				CLANG_WARN_BOOL_CONVERSION = YES;
				CLANG_WARN_CONSTANT_CONVERSION = YES;
				CLANG_WARN_DIRECT_OBJC_ISA_USAGE = YES_ERROR;
				CLANG_WARN_DOCUMENTATION_COMMENTS = YES;
				CLANG_WARN_EMPTY_BODY = YES;
				CLANG_WARN_ENUM_CONVERSION = YES;
				CLANG_WARN_INFINITE_RECURSION = YES;
				CLANG_WARN_INT_CONVERSION = YES;
				CLANG_WARN_OBJC_ROOT_CLASS = YES_ERROR;
				CLANG_WARN_SUSPICIOUS_MOVE = YES;
				CLANG_WARN_SUSPICIOUS_MOVES = YES;
				CLANG_WARN_UNREACHABLE_CODE = YES;
				CLANG_WARN__DUPLICATE_METHOD_MATCH = YES;
				"CODE_SIGN_IDENTITY[sdk=iphoneos*]" = "iPhone Developer";
				COPY_PHASE_STRIP = NO;
				DEBUG_INFORMATION_FORMAT = dwarf;
				ENABLE_STRICT_OBJC_MSGSEND = YES;
				ENABLE_TESTABILITY = YES;
				GCC_C_LANGUAGE_STANDARD = gnu99;
				GCC_DYNAMIC_NO_PIC = NO;
				GCC_NO_COMMON_BLOCKS = YES;
				GCC_OPTIMIZATION_LEVEL = 0;
				GCC_PREPROCESSOR_DEFINITIONS = (
					"DEBUG=1",
					"$(inherited)",
				);
				GCC_WARN_64_TO_32_BIT_CONVERSION = YES;
				GCC_WARN_ABOUT_RETURN_TYPE = YES_ERROR;
				GCC_WARN_UNDECLARED_SELECTOR = YES;
				GCC_WARN_UNINITIALIZED_AUTOS = YES_AGGRESSIVE;
				GCC_WARN_UNUSED_FUNCTION = YES;
				GCC_WARN_UNUSED_VARIABLE = YES;
				IPHONEOS_DEPLOYMENT_TARGET = 10.1;
				MTL_ENABLE_DEBUG_INFO = YES;
				ONLY_ACTIVE_ARCH = YES;
				SDKROOT = iphoneos;
				SWIFT_ACTIVE_COMPILATION_CONDITIONS = DEBUG;
				SWIFT_OPTIMIZATION_LEVEL = "-Onone";
				TARGETED_DEVICE_FAMILY = "1,2";
			};
			name = Local;
		};
		F9B3906B1DEDD81F000FE192 /* Local */ = {
			isa = XCBuildConfiguration;
			baseConfigurationReference = 0AE94D5DFE27823F687B3976 /* Pods-Regease.local.xcconfig */;
			buildSettings = {
				ALWAYS_EMBED_SWIFT_STANDARD_LIBRARIES = YES;
				ASSETCATALOG_COMPILER_APPICON_NAME = AppIcon;
				DEVELOPMENT_TEAM = K93H863522;
				GCC_PREPROCESSOR_DEFINITIONS = (
					"$(inherited)",
					"LOCAL=1",
				);
				INFOPLIST_FILE = Regease/Info.plist;
				IPHONEOS_DEPLOYMENT_TARGET = 10.0;
				LD_RUNPATH_SEARCH_PATHS = "$(inherited) @executable_path/Frameworks";
				PRODUCT_BUNDLE_IDENTIFIER = com.regease.Regease;
				PRODUCT_NAME = "$(TARGET_NAME)";
				SWIFT_ACTIVE_COMPILATION_CONDITIONS = "DEBUG LOCAL";
				SWIFT_VERSION = 3.0;
			};
			name = Local;
		};
		F9B3906C1DEDD81F000FE192 /* Local */ = {
			isa = XCBuildConfiguration;
			baseConfigurationReference = 683E4C7221693B4FF43822AB /* Pods-RegeaseTests.local.xcconfig */;
			buildSettings = {
				ALWAYS_EMBED_SWIFT_STANDARD_LIBRARIES = YES;
				BUNDLE_LOADER = "$(TEST_HOST)";
				DEVELOPMENT_TEAM = K93H863522;
				INFOPLIST_FILE = RegeaseTests/Info.plist;
				LD_RUNPATH_SEARCH_PATHS = "$(inherited) @executable_path/Frameworks @loader_path/Frameworks";
				PRODUCT_BUNDLE_IDENTIFIER = com.regease.RegeaseTests;
				PRODUCT_NAME = "$(TARGET_NAME)";
				SWIFT_VERSION = 3.0;
				TEST_HOST = "$(BUILT_PRODUCTS_DIR)/Regease.app/Regease";
			};
			name = Local;
		};
		F9B3906D1DEDD81F000FE192 /* Local */ = {
			isa = XCBuildConfiguration;
			baseConfigurationReference = F4564C4AAD6A61E8AA43949E /* Pods-RegeaseUITests.local.xcconfig */;
			buildSettings = {
				ALWAYS_EMBED_SWIFT_STANDARD_LIBRARIES = YES;
				DEVELOPMENT_TEAM = K93H863522;
				INFOPLIST_FILE = RegeaseUITests/Info.plist;
				LD_RUNPATH_SEARCH_PATHS = "$(inherited) @executable_path/Frameworks @loader_path/Frameworks";
				PRODUCT_BUNDLE_IDENTIFIER = com.regease.RegeaseUITests;
				PRODUCT_NAME = "$(TARGET_NAME)";
				SWIFT_VERSION = 3.0;
				TEST_TARGET_NAME = Regease;
			};
			name = Local;
		};
		F9D5347C1DEB355E009064A1 /* Debug */ = {
			isa = XCBuildConfiguration;
			buildSettings = {
				ALWAYS_SEARCH_USER_PATHS = NO;
				CLANG_ANALYZER_NONNULL = YES;
				CLANG_CXX_LANGUAGE_STANDARD = "gnu++0x";
				CLANG_CXX_LIBRARY = "libc++";
				CLANG_ENABLE_MODULES = YES;
				CLANG_ENABLE_OBJC_ARC = YES;
				CLANG_WARN_BOOL_CONVERSION = YES;
				CLANG_WARN_CONSTANT_CONVERSION = YES;
				CLANG_WARN_DIRECT_OBJC_ISA_USAGE = YES_ERROR;
				CLANG_WARN_DOCUMENTATION_COMMENTS = YES;
				CLANG_WARN_EMPTY_BODY = YES;
				CLANG_WARN_ENUM_CONVERSION = YES;
				CLANG_WARN_INFINITE_RECURSION = YES;
				CLANG_WARN_INT_CONVERSION = YES;
				CLANG_WARN_OBJC_ROOT_CLASS = YES_ERROR;
				CLANG_WARN_SUSPICIOUS_MOVE = YES;
				CLANG_WARN_SUSPICIOUS_MOVES = YES;
				CLANG_WARN_UNREACHABLE_CODE = YES;
				CLANG_WARN__DUPLICATE_METHOD_MATCH = YES;
				"CODE_SIGN_IDENTITY[sdk=iphoneos*]" = "iPhone Developer";
				COPY_PHASE_STRIP = NO;
				DEBUG_INFORMATION_FORMAT = dwarf;
				ENABLE_STRICT_OBJC_MSGSEND = YES;
				ENABLE_TESTABILITY = YES;
				GCC_C_LANGUAGE_STANDARD = gnu99;
				GCC_DYNAMIC_NO_PIC = NO;
				GCC_NO_COMMON_BLOCKS = YES;
				GCC_OPTIMIZATION_LEVEL = 0;
				GCC_PREPROCESSOR_DEFINITIONS = (
					"DEBUG=1",
					"$(inherited)",
				);
				GCC_WARN_64_TO_32_BIT_CONVERSION = YES;
				GCC_WARN_ABOUT_RETURN_TYPE = YES_ERROR;
				GCC_WARN_UNDECLARED_SELECTOR = YES;
				GCC_WARN_UNINITIALIZED_AUTOS = YES_AGGRESSIVE;
				GCC_WARN_UNUSED_FUNCTION = YES;
				GCC_WARN_UNUSED_VARIABLE = YES;
				IPHONEOS_DEPLOYMENT_TARGET = 10.1;
				MTL_ENABLE_DEBUG_INFO = YES;
				ONLY_ACTIVE_ARCH = YES;
				SDKROOT = iphoneos;
				SWIFT_ACTIVE_COMPILATION_CONDITIONS = DEBUG;
				SWIFT_OPTIMIZATION_LEVEL = "-Onone";
				TARGETED_DEVICE_FAMILY = "1,2";
			};
			name = Debug;
		};
		F9D5347D1DEB355E009064A1 /* Release */ = {
			isa = XCBuildConfiguration;
			buildSettings = {
				ALWAYS_SEARCH_USER_PATHS = NO;
				CLANG_ANALYZER_NONNULL = YES;
				CLANG_CXX_LANGUAGE_STANDARD = "gnu++0x";
				CLANG_CXX_LIBRARY = "libc++";
				CLANG_ENABLE_MODULES = YES;
				CLANG_ENABLE_OBJC_ARC = YES;
				CLANG_WARN_BOOL_CONVERSION = YES;
				CLANG_WARN_CONSTANT_CONVERSION = YES;
				CLANG_WARN_DIRECT_OBJC_ISA_USAGE = YES_ERROR;
				CLANG_WARN_DOCUMENTATION_COMMENTS = YES;
				CLANG_WARN_EMPTY_BODY = YES;
				CLANG_WARN_ENUM_CONVERSION = YES;
				CLANG_WARN_INFINITE_RECURSION = YES;
				CLANG_WARN_INT_CONVERSION = YES;
				CLANG_WARN_OBJC_ROOT_CLASS = YES_ERROR;
				CLANG_WARN_SUSPICIOUS_MOVE = YES;
				CLANG_WARN_SUSPICIOUS_MOVES = YES;
				CLANG_WARN_UNREACHABLE_CODE = YES;
				CLANG_WARN__DUPLICATE_METHOD_MATCH = YES;
				"CODE_SIGN_IDENTITY[sdk=iphoneos*]" = "iPhone Developer";
				COPY_PHASE_STRIP = NO;
				DEBUG_INFORMATION_FORMAT = "dwarf-with-dsym";
				ENABLE_NS_ASSERTIONS = NO;
				ENABLE_STRICT_OBJC_MSGSEND = YES;
				GCC_C_LANGUAGE_STANDARD = gnu99;
				GCC_NO_COMMON_BLOCKS = YES;
				GCC_WARN_64_TO_32_BIT_CONVERSION = YES;
				GCC_WARN_ABOUT_RETURN_TYPE = YES_ERROR;
				GCC_WARN_UNDECLARED_SELECTOR = YES;
				GCC_WARN_UNINITIALIZED_AUTOS = YES_AGGRESSIVE;
				GCC_WARN_UNUSED_FUNCTION = YES;
				GCC_WARN_UNUSED_VARIABLE = YES;
				IPHONEOS_DEPLOYMENT_TARGET = 10.1;
				MTL_ENABLE_DEBUG_INFO = NO;
				SDKROOT = iphoneos;
				SWIFT_OPTIMIZATION_LEVEL = "-Owholemodule";
				TARGETED_DEVICE_FAMILY = "1,2";
				VALIDATE_PRODUCT = YES;
			};
			name = Release;
		};
		F9D5347F1DEB355E009064A1 /* Debug */ = {
			isa = XCBuildConfiguration;
			baseConfigurationReference = DC70044ABB6800D0E3AC1EB4 /* Pods-Regease.debug.xcconfig */;
			buildSettings = {
				ALWAYS_EMBED_SWIFT_STANDARD_LIBRARIES = YES;
				ASSETCATALOG_COMPILER_APPICON_NAME = AppIcon;
				DEVELOPMENT_TEAM = K93H863522;
				INFOPLIST_FILE = Regease/Info.plist;
				IPHONEOS_DEPLOYMENT_TARGET = 10.0;
				LD_RUNPATH_SEARCH_PATHS = "$(inherited) @executable_path/Frameworks";
				PRODUCT_BUNDLE_IDENTIFIER = com.regease.Regease;
				PRODUCT_NAME = "$(TARGET_NAME)";
				SWIFT_VERSION = 3.0;
			};
			name = Debug;
		};
		F9D534801DEB355E009064A1 /* Release */ = {
			isa = XCBuildConfiguration;
			baseConfigurationReference = D7C98F94A90B595ADEA06606 /* Pods-Regease.release.xcconfig */;
			buildSettings = {
				ALWAYS_EMBED_SWIFT_STANDARD_LIBRARIES = YES;
				ASSETCATALOG_COMPILER_APPICON_NAME = AppIcon;
				DEVELOPMENT_TEAM = K93H863522;
				INFOPLIST_FILE = Regease/Info.plist;
				IPHONEOS_DEPLOYMENT_TARGET = 10.0;
				LD_RUNPATH_SEARCH_PATHS = "$(inherited) @executable_path/Frameworks";
				PRODUCT_BUNDLE_IDENTIFIER = com.regease.Regease;
				PRODUCT_NAME = "$(TARGET_NAME)";
				SWIFT_VERSION = 3.0;
			};
			name = Release;
		};
		F9D534821DEB355E009064A1 /* Debug */ = {
			isa = XCBuildConfiguration;
			baseConfigurationReference = 96BE455D518E5ECE6928B3C5 /* Pods-RegeaseTests.debug.xcconfig */;
			buildSettings = {
				ALWAYS_EMBED_SWIFT_STANDARD_LIBRARIES = YES;
				BUNDLE_LOADER = "$(TEST_HOST)";
				DEVELOPMENT_TEAM = K93H863522;
				INFOPLIST_FILE = RegeaseTests/Info.plist;
				LD_RUNPATH_SEARCH_PATHS = "$(inherited) @executable_path/Frameworks @loader_path/Frameworks";
				PRODUCT_BUNDLE_IDENTIFIER = com.regease.RegeaseTests;
				PRODUCT_NAME = "$(TARGET_NAME)";
				SWIFT_VERSION = 3.0;
				TEST_HOST = "$(BUILT_PRODUCTS_DIR)/Regease.app/Regease";
			};
			name = Debug;
		};
		F9D534831DEB355E009064A1 /* Release */ = {
			isa = XCBuildConfiguration;
			baseConfigurationReference = 1DBA11F6D5AD8EC83D7A7CC5 /* Pods-RegeaseTests.release.xcconfig */;
			buildSettings = {
				ALWAYS_EMBED_SWIFT_STANDARD_LIBRARIES = YES;
				BUNDLE_LOADER = "$(TEST_HOST)";
				DEVELOPMENT_TEAM = K93H863522;
				INFOPLIST_FILE = RegeaseTests/Info.plist;
				LD_RUNPATH_SEARCH_PATHS = "$(inherited) @executable_path/Frameworks @loader_path/Frameworks";
				PRODUCT_BUNDLE_IDENTIFIER = com.regease.RegeaseTests;
				PRODUCT_NAME = "$(TARGET_NAME)";
				SWIFT_VERSION = 3.0;
				TEST_HOST = "$(BUILT_PRODUCTS_DIR)/Regease.app/Regease";
			};
			name = Release;
		};
		F9D534851DEB355E009064A1 /* Debug */ = {
			isa = XCBuildConfiguration;
			baseConfigurationReference = B45C6A1A7ABC8605A8E54742 /* Pods-RegeaseUITests.debug.xcconfig */;
			buildSettings = {
				ALWAYS_EMBED_SWIFT_STANDARD_LIBRARIES = YES;
				DEVELOPMENT_TEAM = K93H863522;
				INFOPLIST_FILE = RegeaseUITests/Info.plist;
				LD_RUNPATH_SEARCH_PATHS = "$(inherited) @executable_path/Frameworks @loader_path/Frameworks";
				PRODUCT_BUNDLE_IDENTIFIER = com.regease.RegeaseUITests;
				PRODUCT_NAME = "$(TARGET_NAME)";
				SWIFT_VERSION = 3.0;
				TEST_TARGET_NAME = Regease;
			};
			name = Debug;
		};
		F9D534861DEB355E009064A1 /* Release */ = {
			isa = XCBuildConfiguration;
			baseConfigurationReference = 6058BFDF4E4A1867D0EFC6C3 /* Pods-RegeaseUITests.release.xcconfig */;
			buildSettings = {
				ALWAYS_EMBED_SWIFT_STANDARD_LIBRARIES = YES;
				DEVELOPMENT_TEAM = K93H863522;
				INFOPLIST_FILE = RegeaseUITests/Info.plist;
				LD_RUNPATH_SEARCH_PATHS = "$(inherited) @executable_path/Frameworks @loader_path/Frameworks";
				PRODUCT_BUNDLE_IDENTIFIER = com.regease.RegeaseUITests;
				PRODUCT_NAME = "$(TARGET_NAME)";
				SWIFT_VERSION = 3.0;
				TEST_TARGET_NAME = Regease;
			};
			name = Release;
		};
/* End XCBuildConfiguration section */

/* Begin XCConfigurationList section */
		F9D5344F1DEB355E009064A1 /* Build configuration list for PBXProject "Regease" */ = {
			isa = XCConfigurationList;
			buildConfigurations = (
				F9D5347C1DEB355E009064A1 /* Debug */,
				F9B3906A1DEDD81F000FE192 /* Local */,
				F9D5347D1DEB355E009064A1 /* Release */,
			);
			defaultConfigurationIsVisible = 0;
			defaultConfigurationName = Release;
		};
		F9D5347E1DEB355E009064A1 /* Build configuration list for PBXNativeTarget "Regease" */ = {
			isa = XCConfigurationList;
			buildConfigurations = (
				F9D5347F1DEB355E009064A1 /* Debug */,
				F9B3906B1DEDD81F000FE192 /* Local */,
				F9D534801DEB355E009064A1 /* Release */,
			);
			defaultConfigurationIsVisible = 0;
			defaultConfigurationName = Release;
		};
		F9D534811DEB355E009064A1 /* Build configuration list for PBXNativeTarget "RegeaseTests" */ = {
			isa = XCConfigurationList;
			buildConfigurations = (
				F9D534821DEB355E009064A1 /* Debug */,
				F9B3906C1DEDD81F000FE192 /* Local */,
				F9D534831DEB355E009064A1 /* Release */,
			);
			defaultConfigurationIsVisible = 0;
			defaultConfigurationName = Release;
		};
		F9D534841DEB355E009064A1 /* Build configuration list for PBXNativeTarget "RegeaseUITests" */ = {
			isa = XCConfigurationList;
			buildConfigurations = (
				F9D534851DEB355E009064A1 /* Debug */,
				F9B3906D1DEDD81F000FE192 /* Local */,
				F9D534861DEB355E009064A1 /* Release */,
			);
			defaultConfigurationIsVisible = 0;
			defaultConfigurationName = Release;
		};
/* End XCConfigurationList section */
	};
	rootObject = F9D5344C1DEB355E009064A1 /* Project object */;
}
